// !$*UTF8*$!
{
	archiveVersion = 1;
	classes = {
	};
	objectVersion = 46;
	objects = {

/* Begin PBXBuildFile section */
		3C88FFC31BDC92BC0013A231 /* main.m in Sources */ = {isa = PBXBuildFile; fileRef = 3C88FFC21BDC92BC0013A231 /* main.m */; };
		3C88FFC61BDC92BC0013A231 /* AppDelegate.m in Sources */ = {isa = PBXBuildFile; fileRef = 3C88FFC51BDC92BC0013A231 /* AppDelegate.m */; };
		3C88FFCC1BDC92BC0013A231 /* Main.storyboard in Resources */ = {isa = PBXBuildFile; fileRef = 3C88FFCA1BDC92BC0013A231 /* Main.storyboard */; };
		3C88FFCE1BDC92BC0013A231 /* Images.xcassets in Resources */ = {isa = PBXBuildFile; fileRef = 3C88FFCD1BDC92BC0013A231 /* Images.xcassets */; };
		3C88FFD11BDC92BC0013A231 /* LaunchScreen.xib in Resources */ = {isa = PBXBuildFile; fileRef = 3C88FFCF1BDC92BC0013A231 /* LaunchScreen.xib */; };
		3C88FFDD1BDC92BC0013A231 /* ____Tests.m in Sources */ = {isa = PBXBuildFile; fileRef = 3C88FFDC1BDC92BC0013A231 /* ____Tests.m */; };
		C91F11981BE7E00B0060AAC6 /* WMBuyDetailsController.m in Sources */ = {isa = PBXBuildFile; fileRef = C91F11961BE7E00B0060AAC6 /* WMBuyDetailsController.m */; };
		C91F119C1BE7FF820060AAC6 /* WMBuyContentsCell.m in Sources */ = {isa = PBXBuildFile; fileRef = C91F119B1BE7FF820060AAC6 /* WMBuyContentsCell.m */; };
		C933324C1BEF5D730066DC48 /* WMListButton.m in Sources */ = {isa = PBXBuildFile; fileRef = C933324B1BEF5D730066DC48 /* WMListButton.m */; };
		C93332521BEF79BF0066DC48 /* WMMineCell.m in Sources */ = {isa = PBXBuildFile; fileRef = C93332511BEF79BF0066DC48 /* WMMineCell.m */; };
		C93332631BEFB25B0066DC48 /* WMLoginViewController.m in Sources */ = {isa = PBXBuildFile; fileRef = C93332621BEFB25B0066DC48 /* WMLoginViewController.m */; };
		C93332661BEFB50C0066DC48 /* WMLoginCell.m in Sources */ = {isa = PBXBuildFile; fileRef = C93332651BEFB50C0066DC48 /* WMLoginCell.m */; };
		C9358CB71BE49B7C00F660FD /* WMDealPriceCell.m in Sources */ = {isa = PBXBuildFile; fileRef = C9358CB61BE49B7C00F660FD /* WMDealPriceCell.m */; };
		C9358CBA1BE4A1F400F660FD /* WMPriceFrame.m in Sources */ = {isa = PBXBuildFile; fileRef = C9358CB91BE4A1F400F660FD /* WMPriceFrame.m */; };
		C9358CC01BE4D51900F660FD /* WMAppointmentCell.m in Sources */ = {isa = PBXBuildFile; fileRef = C9358CBF1BE4D51900F660FD /* WMAppointmentCell.m */; };
		C9358CC31BE4EAC200F660FD /* WMAddress.m in Sources */ = {isa = PBXBuildFile; fileRef = C9358CC21BE4EAC200F660FD /* WMAddress.m */; };
		C9358CC61BE4EADD00F660FD /* WMShop.m in Sources */ = {isa = PBXBuildFile; fileRef = C9358CC51BE4EADD00F660FD /* WMShop.m */; };
		C9358CC91BE4EF7600F660FD /* WMAddressFrame.m in Sources */ = {isa = PBXBuildFile; fileRef = C9358CC81BE4EF7600F660FD /* WMAddressFrame.m */; };
		C9358CCC1BE4EF9400F660FD /* WMAddressCell.m in Sources */ = {isa = PBXBuildFile; fileRef = C9358CCB1BE4EF9400F660FD /* WMAddressCell.m */; };
		C9358CD31BE55E4600F660FD /* MBProgressHUD+MJ.m in Sources */ = {isa = PBXBuildFile; fileRef = C9358CCF1BE55E4600F660FD /* MBProgressHUD+MJ.m */; };
		C9358CD41BE55E4600F660FD /* MBProgressHUD.bundle in Resources */ = {isa = PBXBuildFile; fileRef = C9358CD01BE55E4600F660FD /* MBProgressHUD.bundle */; };
		C9358CD51BE55E4600F660FD /* MBProgressHUD.m in Sources */ = {isa = PBXBuildFile; fileRef = C9358CD21BE55E4600F660FD /* MBProgressHUD.m */; };
		C94C59421BEBE124003F2120 /* WMShoppingCartViewController.m in Sources */ = {isa = PBXBuildFile; fileRef = C94C59411BEBE124003F2120 /* WMShoppingCartViewController.m */; };
		C98D3FE41BEDF48F00A136A8 /* MJRefresh.bundle in Resources */ = {isa = PBXBuildFile; fileRef = C98D3FD41BEDF48F00A136A8 /* MJRefresh.bundle */; };
		C98D3FE51BEDF48F00A136A8 /* MJRefreshBaseView.m in Sources */ = {isa = PBXBuildFile; fileRef = C98D3FD71BEDF48F00A136A8 /* MJRefreshBaseView.m */; };
		C98D3FE61BEDF48F00A136A8 /* MJRefreshConst.m in Sources */ = {isa = PBXBuildFile; fileRef = C98D3FD91BEDF48F00A136A8 /* MJRefreshConst.m */; };
		C98D3FE71BEDF48F00A136A8 /* MJRefreshFooterView.m in Sources */ = {isa = PBXBuildFile; fileRef = C98D3FDB1BEDF48F00A136A8 /* MJRefreshFooterView.m */; };
		C98D3FE81BEDF48F00A136A8 /* MJRefreshHeaderView.m in Sources */ = {isa = PBXBuildFile; fileRef = C98D3FDD1BEDF48F00A136A8 /* MJRefreshHeaderView.m */; };
		C98D3FE91BEDF48F00A136A8 /* UIScrollView+MJExtension.m in Sources */ = {isa = PBXBuildFile; fileRef = C98D3FDF1BEDF48F00A136A8 /* UIScrollView+MJExtension.m */; };
		C98D3FEA1BEDF48F00A136A8 /* UIScrollView+MJRefresh.m in Sources */ = {isa = PBXBuildFile; fileRef = C98D3FE11BEDF48F00A136A8 /* UIScrollView+MJRefresh.m */; };
		C98D3FEB1BEDF48F00A136A8 /* UIView+MJExtension.m in Sources */ = {isa = PBXBuildFile; fileRef = C98D3FE31BEDF48F00A136A8 /* UIView+MJExtension.m */; };
		C99B128E1BDF42DD0064616B /* WMHomeCell.m in Sources */ = {isa = PBXBuildFile; fileRef = C99B128D1BDF42DD0064616B /* WMHomeCell.m */; };
		C99B12AB1BDF515F0064616B /* MJArgument.m in Sources */ = {isa = PBXBuildFile; fileRef = C99B12951BDF515F0064616B /* MJArgument.m */; };
		C99B12AC1BDF515F0064616B /* MJConst.m in Sources */ = {isa = PBXBuildFile; fileRef = C99B12971BDF515F0064616B /* MJConst.m */; };
		C99B12AD1BDF515F0064616B /* MJFoundation.m in Sources */ = {isa = PBXBuildFile; fileRef = C99B129A1BDF515F0064616B /* MJFoundation.m */; };
		C99B12AE1BDF515F0064616B /* MJIvar.m in Sources */ = {isa = PBXBuildFile; fileRef = C99B129C1BDF515F0064616B /* MJIvar.m */; };
		C99B12AF1BDF515F0064616B /* MJMember.m in Sources */ = {isa = PBXBuildFile; fileRef = C99B129E1BDF515F0064616B /* MJMember.m */; };
		C99B12B01BDF515F0064616B /* MJMethod.m in Sources */ = {isa = PBXBuildFile; fileRef = C99B12A01BDF515F0064616B /* MJMethod.m */; };
		C99B12B11BDF515F0064616B /* MJType.m in Sources */ = {isa = PBXBuildFile; fileRef = C99B12A21BDF515F0064616B /* MJType.m */; };
		C99B12B21BDF515F0064616B /* MJTypeEncoding.m in Sources */ = {isa = PBXBuildFile; fileRef = C99B12A41BDF515F0064616B /* MJTypeEncoding.m */; };
		C99B12B31BDF515F0064616B /* NSObject+MJCoding.m in Sources */ = {isa = PBXBuildFile; fileRef = C99B12A61BDF515F0064616B /* NSObject+MJCoding.m */; };
		C99B12B41BDF515F0064616B /* NSObject+MJKeyValue.m in Sources */ = {isa = PBXBuildFile; fileRef = C99B12A81BDF515F0064616B /* NSObject+MJKeyValue.m */; };
		C99B12B51BDF515F0064616B /* NSObject+MJMember.m in Sources */ = {isa = PBXBuildFile; fileRef = C99B12AA1BDF515F0064616B /* NSObject+MJMember.m */; };
		C99B12CB1BDF62C10064616B /* AFHTTPRequestOperation.m in Sources */ = {isa = PBXBuildFile; fileRef = C99B12B81BDF62C10064616B /* AFHTTPRequestOperation.m */; };
		C99B12CC1BDF62C10064616B /* AFHTTPRequestOperationManager.m in Sources */ = {isa = PBXBuildFile; fileRef = C99B12BA1BDF62C10064616B /* AFHTTPRequestOperationManager.m */; };
		C99B12CD1BDF62C10064616B /* AFHTTPSessionManager.m in Sources */ = {isa = PBXBuildFile; fileRef = C99B12BC1BDF62C10064616B /* AFHTTPSessionManager.m */; };
		C99B12CE1BDF62C10064616B /* AFNetworkReachabilityManager.m in Sources */ = {isa = PBXBuildFile; fileRef = C99B12BF1BDF62C10064616B /* AFNetworkReachabilityManager.m */; };
		C99B12CF1BDF62C10064616B /* AFSecurityPolicy.m in Sources */ = {isa = PBXBuildFile; fileRef = C99B12C11BDF62C10064616B /* AFSecurityPolicy.m */; };
		C99B12D01BDF62C10064616B /* AFURLConnectionOperation.m in Sources */ = {isa = PBXBuildFile; fileRef = C99B12C31BDF62C10064616B /* AFURLConnectionOperation.m */; };
		C99B12D11BDF62C10064616B /* AFURLRequestSerialization.m in Sources */ = {isa = PBXBuildFile; fileRef = C99B12C51BDF62C10064616B /* AFURLRequestSerialization.m */; };
		C99B12D21BDF62C10064616B /* AFURLResponseSerialization.m in Sources */ = {isa = PBXBuildFile; fileRef = C99B12C71BDF62C10064616B /* AFURLResponseSerialization.m */; };
		C99B12D31BDF62C10064616B /* AFURLSessionManager.m in Sources */ = {isa = PBXBuildFile; fileRef = C99B12C91BDF62C10064616B /* AFURLSessionManager.m */; };
		C99B12D41BDF62C10064616B /* Foundation+Log.m in Sources */ = {isa = PBXBuildFile; fileRef = C99B12CA1BDF62C10064616B /* Foundation+Log.m */; };
		C99B12DA1BDF672F0064616B /* WMShopData.m in Sources */ = {isa = PBXBuildFile; fileRef = C99B12D91BDF672F0064616B /* WMShopData.m */; };
		C99B12DD1BDF67400064616B /* WMData.m in Sources */ = {isa = PBXBuildFile; fileRef = C99B12DC1BDF67400064616B /* WMData.m */; };
		C99B12E01BDF6AEA0064616B /* WMDetail.m in Sources */ = {isa = PBXBuildFile; fileRef = C99B12DF1BDF6AEA0064616B /* WMDetail.m */; };
		C99B12E31BDFBA0F0064616B /* WMShopFrame.m in Sources */ = {isa = PBXBuildFile; fileRef = C99B12E21BDFBA0F0064616B /* WMShopFrame.m */; };
		C99B13091BDFCB930064616B /* MKAnnotationView+WebCache.m in Sources */ = {isa = PBXBuildFile; fileRef = C99B12E91BDFCB930064616B /* MKAnnotationView+WebCache.m */; };
		C99B130A1BDFCB930064616B /* NSData+ImageContentType.m in Sources */ = {isa = PBXBuildFile; fileRef = C99B12EB1BDFCB930064616B /* NSData+ImageContentType.m */; };
		C99B130B1BDFCB930064616B /* SDImageCache.m in Sources */ = {isa = PBXBuildFile; fileRef = C99B12ED1BDFCB930064616B /* SDImageCache.m */; };
		C99B130C1BDFCB930064616B /* SDWebImageCompat.m in Sources */ = {isa = PBXBuildFile; fileRef = C99B12EF1BDFCB930064616B /* SDWebImageCompat.m */; };
		C99B130D1BDFCB930064616B /* SDWebImageDecoder.m in Sources */ = {isa = PBXBuildFile; fileRef = C99B12F11BDFCB930064616B /* SDWebImageDecoder.m */; };
		C99B130E1BDFCB930064616B /* SDWebImageDownloader.m in Sources */ = {isa = PBXBuildFile; fileRef = C99B12F31BDFCB930064616B /* SDWebImageDownloader.m */; };
		C99B130F1BDFCB930064616B /* SDWebImageDownloaderOperation.m in Sources */ = {isa = PBXBuildFile; fileRef = C99B12F51BDFCB930064616B /* SDWebImageDownloaderOperation.m */; };
		C99B13101BDFCB930064616B /* SDWebImageManager.m in Sources */ = {isa = PBXBuildFile; fileRef = C99B12F71BDFCB930064616B /* SDWebImageManager.m */; };
		C99B13111BDFCB930064616B /* SDWebImagePrefetcher.m in Sources */ = {isa = PBXBuildFile; fileRef = C99B12FA1BDFCB930064616B /* SDWebImagePrefetcher.m */; };
		C99B13121BDFCB930064616B /* UIButton+WebCache.m in Sources */ = {isa = PBXBuildFile; fileRef = C99B12FC1BDFCB930064616B /* UIButton+WebCache.m */; };
		C99B13131BDFCB930064616B /* UIImage+GIF.m in Sources */ = {isa = PBXBuildFile; fileRef = C99B12FE1BDFCB930064616B /* UIImage+GIF.m */; };
		C99B13141BDFCB930064616B /* UIImage+MultiFormat.m in Sources */ = {isa = PBXBuildFile; fileRef = C99B13001BDFCB930064616B /* UIImage+MultiFormat.m */; };
		C99B13151BDFCB930064616B /* UIImage+WebP.m in Sources */ = {isa = PBXBuildFile; fileRef = C99B13021BDFCB930064616B /* UIImage+WebP.m */; };
		C99B13161BDFCB930064616B /* UIImageView+HighlightedWebCache.m in Sources */ = {isa = PBXBuildFile; fileRef = C99B13041BDFCB930064616B /* UIImageView+HighlightedWebCache.m */; };
		C99B13171BDFCB930064616B /* UIImageView+WebCache.m in Sources */ = {isa = PBXBuildFile; fileRef = C99B13061BDFCB930064616B /* UIImageView+WebCache.m */; };
		C99B13181BDFCB930064616B /* UIView+WebCacheOperation.m in Sources */ = {isa = PBXBuildFile; fileRef = C99B13081BDFCB930064616B /* UIView+WebCacheOperation.m */; };
		C99B131E1BDFDD820064616B /* NSString+Extension.m in Sources */ = {isa = PBXBuildFile; fileRef = C99B131D1BDFDD820064616B /* NSString+Extension.m */; };
		C99C96A01BE89395004802F9 /* WMConsumerTipsCell.m in Sources */ = {isa = PBXBuildFile; fileRef = C99C969F1BE89395004802F9 /* WMConsumerTipsCell.m */; };
		C9B16F451BF1031700CE7C76 /* UMSocialLocalizable.strings in Resources */ = {isa = PBXBuildFile; fileRef = C9B16F2B1BF1031700CE7C76 /* UMSocialLocalizable.strings */; };
		C9B16F461BF1031700CE7C76 /* libUMSocial_Sdk_4.3.a in Frameworks */ = {isa = PBXBuildFile; fileRef = C9B16F391BF1031700CE7C76 /* libUMSocial_Sdk_4.3.a */; };
		C9B16F471BF1031700CE7C76 /* UMSCommentDetailController.xib in Resources */ = {isa = PBXBuildFile; fileRef = C9B16F3B1BF1031700CE7C76 /* UMSCommentDetailController.xib */; };
		C9B16F481BF1031700CE7C76 /* UMSCommentInputController.xib in Resources */ = {isa = PBXBuildFile; fileRef = C9B16F3C1BF1031700CE7C76 /* UMSCommentInputController.xib */; };
		C9B16F491BF1031700CE7C76 /* UMSCommentInputControlleriPad.xib in Resources */ = {isa = PBXBuildFile; fileRef = C9B16F3D1BF1031700CE7C76 /* UMSCommentInputControlleriPad.xib */; };
		C9B16F4A1BF1031700CE7C76 /* UMShareEditViewController.xib in Resources */ = {isa = PBXBuildFile; fileRef = C9B16F3E1BF1031700CE7C76 /* UMShareEditViewController.xib */; };
		C9B16F4B1BF1031700CE7C76 /* UMShareEditViewControlleriPad.xib in Resources */ = {isa = PBXBuildFile; fileRef = C9B16F3F1BF1031700CE7C76 /* UMShareEditViewControlleriPad.xib */; };
		C9B16F4C1BF1031700CE7C76 /* UMSLoginViewController.xib in Resources */ = {isa = PBXBuildFile; fileRef = C9B16F401BF1031700CE7C76 /* UMSLoginViewController.xib */; };
		C9B16F4D1BF1031700CE7C76 /* UMSnsAccountViewController.xib in Resources */ = {isa = PBXBuildFile; fileRef = C9B16F411BF1031700CE7C76 /* UMSnsAccountViewController.xib */; };
		C9B16F4E1BF1031700CE7C76 /* UMSShareListController.xib in Resources */ = {isa = PBXBuildFile; fileRef = C9B16F421BF1031700CE7C76 /* UMSShareListController.xib */; };
		C9B16F4F1BF1031700CE7C76 /* UMSocialSDKResourcesNew.bundle in Resources */ = {isa = PBXBuildFile; fileRef = C9B16F431BF1031700CE7C76 /* UMSocialSDKResourcesNew.bundle */; };
		C9C48C481BDE2BE8009650B6 /* TAAbstractDotView.m in Sources */ = {isa = PBXBuildFile; fileRef = C9C48C3B1BDE2BE8009650B6 /* TAAbstractDotView.m */; };
		C9C48C491BDE2BE8009650B6 /* TAAnimatedDotView.m in Sources */ = {isa = PBXBuildFile; fileRef = C9C48C3D1BDE2BE8009650B6 /* TAAnimatedDotView.m */; };
		C9C48C4A1BDE2BE8009650B6 /* TADotView.m in Sources */ = {isa = PBXBuildFile; fileRef = C9C48C3F1BDE2BE8009650B6 /* TADotView.m */; };
		C9C48C4B1BDE2BE8009650B6 /* TAPageControl.m in Sources */ = {isa = PBXBuildFile; fileRef = C9C48C411BDE2BE8009650B6 /* TAPageControl.m */; };
		C9C48C4C1BDE2BE8009650B6 /* SDCollectionViewCell.m in Sources */ = {isa = PBXBuildFile; fileRef = C9C48C431BDE2BE8009650B6 /* SDCollectionViewCell.m */; };
		C9C48C4D1BDE2BE8009650B6 /* SDCycleScrollView.m in Sources */ = {isa = PBXBuildFile; fileRef = C9C48C451BDE2BE8009650B6 /* SDCycleScrollView.m */; };
		C9C48C4E1BDE2BE8009650B6 /* UIView+SDExtension.m in Sources */ = {isa = PBXBuildFile; fileRef = C9C48C471BDE2BE8009650B6 /* UIView+SDExtension.m */; };
		C9C48C5B1BDE410B009650B6 /* WMHomeView.m in Sources */ = {isa = PBXBuildFile; fileRef = C9C48C5A1BDE410B009650B6 /* WMHomeView.m */; };
		C9D9C2051BEC9DF6003A918F /* WMRecommendCell.m in Sources */ = {isa = PBXBuildFile; fileRef = C9D9C2041BEC9DF6003A918F /* WMRecommendCell.m */; };
		C9D9C20B1BECB3E1003A918F /* UIColor+ZBRandomColor.m in Sources */ = {isa = PBXBuildFile; fileRef = C9D9C20A1BECB3E1003A918F /* UIColor+ZBRandomColor.m */; };
		C9DBAB601BDC9D6A0055FCA9 /* WMHomeViewController.m in Sources */ = {isa = PBXBuildFile; fileRef = C9DBAB5F1BDC9D6A0055FCA9 /* WMHomeViewController.m */; };
		C9DBAB6F1BDCC34D0055FCA9 /* WMTabBarViewController.m in Sources */ = {isa = PBXBuildFile; fileRef = C9DBAB6E1BDCC34D0055FCA9 /* WMTabBarViewController.m */; };
		C9DBAB721BDCC3680055FCA9 /* WMNavigationViewController.m in Sources */ = {isa = PBXBuildFile; fileRef = C9DBAB711BDCC3680055FCA9 /* WMNavigationViewController.m */; };
		C9DBAB751BDCC38A0055FCA9 /* WMMineTableViewController.m in Sources */ = {isa = PBXBuildFile; fileRef = C9DBAB741BDCC38A0055FCA9 /* WMMineTableViewController.m */; };
		C9DBAB781BDCC39B0055FCA9 /* WMDiscoverViewController.m in Sources */ = {isa = PBXBuildFile; fileRef = C9DBAB771BDCC39B0055FCA9 /* WMDiscoverViewController.m */; };
		C9DBAB7B1BDCC3DA0055FCA9 /* WMOrderViewController.m in Sources */ = {isa = PBXBuildFile; fileRef = C9DBAB7A1BDCC3DA0055FCA9 /* WMOrderViewController.m */; };
		C9DBAB821BDCCA410055FCA9 /* UIBarButtonItem+Extension.m in Sources */ = {isa = PBXBuildFile; fileRef = C9DBAB7F1BDCCA410055FCA9 /* UIBarButtonItem+Extension.m */; };
		C9DBAB831BDCCA410055FCA9 /* UIView+Extension.m in Sources */ = {isa = PBXBuildFile; fileRef = C9DBAB811BDCCA410055FCA9 /* UIView+Extension.m */; };
		C9DBAB871BDCCAFA0055FCA9 /* WMText1ViewController.m in Sources */ = {isa = PBXBuildFile; fileRef = C9DBAB851BDCCAFA0055FCA9 /* WMText1ViewController.m */; };
		C9DBAB881BDCCAFA0055FCA9 /* WMText1ViewController.xib in Resources */ = {isa = PBXBuildFile; fileRef = C9DBAB861BDCCAFA0055FCA9 /* WMText1ViewController.xib */; };
		C9DBAB8C1BDCCB0D0055FCA9 /* WMText2ViewController.m in Sources */ = {isa = PBXBuildFile; fileRef = C9DBAB8A1BDCCB0D0055FCA9 /* WMText2ViewController.m */; };
		C9DBAB8D1BDCCB0D0055FCA9 /* WMText2ViewController.xib in Resources */ = {isa = PBXBuildFile; fileRef = C9DBAB8B1BDCCB0D0055FCA9 /* WMText2ViewController.xib */; };
		C9DBAB961BDD0B250055FCA9 /* HWSearchBar.m in Sources */ = {isa = PBXBuildFile; fileRef = C9DBAB951BDD0B250055FCA9 /* HWSearchBar.m */; };
		C9DBABAB1BDD1D330055FCA9 /* WMHomeViewController.storyboard in Resources */ = {isa = PBXBuildFile; fileRef = C9DBABAA1BDD1D330055FCA9 /* WMHomeViewController.storyboard */; };
		C9F1F2F21BE5F889004FD37E /* WMShopIdsCell.m in Sources */ = {isa = PBXBuildFile; fileRef = C9F1F2F11BE5F889004FD37E /* WMShopIdsCell.m */; };
		C9FDB1001BE1F362002560ED /* WMDealDetailViewController.m in Sources */ = {isa = PBXBuildFile; fileRef = C9FDB0FF1BE1F362002560ED /* WMDealDetailViewController.m */; };
		C9FDB1031BE1F435002560ED /* WMShops.m in Sources */ = {isa = PBXBuildFile; fileRef = C9FDB1021BE1F435002560ED /* WMShops.m */; };
		C9FDB1481BE26A64002560ED /* WMDealDetail.m in Sources */ = {isa = PBXBuildFile; fileRef = C9FDB1471BE26A64002560ED /* WMDealDetail.m */; };
		C9FDB14B1BE26AA4002560ED /* WMDealDetailDeal.m in Sources */ = {isa = PBXBuildFile; fileRef = C9FDB14A1BE26AA4002560ED /* WMDealDetailDeal.m */; };
/* End PBXBuildFile section */

/* Begin PBXContainerItemProxy section */
		3C88FFD71BDC92BC0013A231 /* PBXContainerItemProxy */ = {
			isa = PBXContainerItemProxy;
			containerPortal = 3C88FFB51BDC92BC0013A231 /* Project object */;
			proxyType = 1;
			remoteGlobalIDString = 3C88FFBC1BDC92BC0013A231;
			remoteInfo = "闪电外卖";
		};
/* End PBXContainerItemProxy section */

/* Begin PBXFileReference section */
		3C88FFBD1BDC92BC0013A231 /* 闪电外卖.app */ = {isa = PBXFileReference; explicitFileType = wrapper.application; includeInIndex = 0; path = "闪电外卖.app"; sourceTree = BUILT_PRODUCTS_DIR; };
		3C88FFC11BDC92BC0013A231 /* Info.plist */ = {isa = PBXFileReference; lastKnownFileType = text.plist.xml; path = Info.plist; sourceTree = "<group>"; };
		3C88FFC21BDC92BC0013A231 /* main.m */ = {isa = PBXFileReference; lastKnownFileType = sourcecode.c.objc; path = main.m; sourceTree = "<group>"; };
		3C88FFC41BDC92BC0013A231 /* AppDelegate.h */ = {isa = PBXFileReference; lastKnownFileType = sourcecode.c.h; path = AppDelegate.h; sourceTree = "<group>"; };
		3C88FFC51BDC92BC0013A231 /* AppDelegate.m */ = {isa = PBXFileReference; lastKnownFileType = sourcecode.c.objc; path = AppDelegate.m; sourceTree = "<group>"; };
		3C88FFCB1BDC92BC0013A231 /* Base */ = {isa = PBXFileReference; lastKnownFileType = file.storyboard; name = Base; path = Base.lproj/Main.storyboard; sourceTree = "<group>"; };
		3C88FFCD1BDC92BC0013A231 /* Images.xcassets */ = {isa = PBXFileReference; lastKnownFileType = folder.assetcatalog; path = Images.xcassets; sourceTree = "<group>"; };
		3C88FFD01BDC92BC0013A231 /* Base */ = {isa = PBXFileReference; lastKnownFileType = file.xib; name = Base; path = Base.lproj/LaunchScreen.xib; sourceTree = "<group>"; };
		3C88FFD61BDC92BC0013A231 /* 闪电外卖Tests.xctest */ = {isa = PBXFileReference; explicitFileType = wrapper.cfbundle; includeInIndex = 0; path = "闪电外卖Tests.xctest"; sourceTree = BUILT_PRODUCTS_DIR; };
		3C88FFDB1BDC92BC0013A231 /* Info.plist */ = {isa = PBXFileReference; lastKnownFileType = text.plist.xml; path = Info.plist; sourceTree = "<group>"; };
		3C88FFDC1BDC92BC0013A231 /* ____Tests.m */ = {isa = PBXFileReference; lastKnownFileType = sourcecode.c.objc; path = "____Tests.m"; sourceTree = "<group>"; };
		C91F11951BE7E00B0060AAC6 /* WMBuyDetailsController.h */ = {isa = PBXFileReference; fileEncoding = 4; lastKnownFileType = sourcecode.c.h; path = WMBuyDetailsController.h; sourceTree = "<group>"; };
		C91F11961BE7E00B0060AAC6 /* WMBuyDetailsController.m */ = {isa = PBXFileReference; fileEncoding = 4; lastKnownFileType = sourcecode.c.objc; path = WMBuyDetailsController.m; sourceTree = "<group>"; };
		C91F119A1BE7FF820060AAC6 /* WMBuyContentsCell.h */ = {isa = PBXFileReference; fileEncoding = 4; lastKnownFileType = sourcecode.c.h; path = WMBuyContentsCell.h; sourceTree = "<group>"; };
		C91F119B1BE7FF820060AAC6 /* WMBuyContentsCell.m */ = {isa = PBXFileReference; fileEncoding = 4; lastKnownFileType = sourcecode.c.objc; path = WMBuyContentsCell.m; sourceTree = "<group>"; };
		C933324A1BEF5D730066DC48 /* WMListButton.h */ = {isa = PBXFileReference; fileEncoding = 4; lastKnownFileType = sourcecode.c.h; path = WMListButton.h; sourceTree = "<group>"; };
		C933324B1BEF5D730066DC48 /* WMListButton.m */ = {isa = PBXFileReference; fileEncoding = 4; lastKnownFileType = sourcecode.c.objc; path = WMListButton.m; sourceTree = "<group>"; };
		C93332501BEF79BF0066DC48 /* WMMineCell.h */ = {isa = PBXFileReference; fileEncoding = 4; lastKnownFileType = sourcecode.c.h; path = WMMineCell.h; sourceTree = "<group>"; };
		C93332511BEF79BF0066DC48 /* WMMineCell.m */ = {isa = PBXFileReference; fileEncoding = 4; lastKnownFileType = sourcecode.c.objc; path = WMMineCell.m; sourceTree = "<group>"; };
		C93332611BEFB25B0066DC48 /* WMLoginViewController.h */ = {isa = PBXFileReference; fileEncoding = 4; lastKnownFileType = sourcecode.c.h; path = WMLoginViewController.h; sourceTree = "<group>"; };
		C93332621BEFB25B0066DC48 /* WMLoginViewController.m */ = {isa = PBXFileReference; fileEncoding = 4; lastKnownFileType = sourcecode.c.objc; path = WMLoginViewController.m; sourceTree = "<group>"; };
		C93332641BEFB50C0066DC48 /* WMLoginCell.h */ = {isa = PBXFileReference; fileEncoding = 4; lastKnownFileType = sourcecode.c.h; path = WMLoginCell.h; sourceTree = "<group>"; };
		C93332651BEFB50C0066DC48 /* WMLoginCell.m */ = {isa = PBXFileReference; fileEncoding = 4; lastKnownFileType = sourcecode.c.objc; path = WMLoginCell.m; sourceTree = "<group>"; };
		C9358CB51BE49B7C00F660FD /* WMDealPriceCell.h */ = {isa = PBXFileReference; fileEncoding = 4; lastKnownFileType = sourcecode.c.h; path = WMDealPriceCell.h; sourceTree = "<group>"; };
		C9358CB61BE49B7C00F660FD /* WMDealPriceCell.m */ = {isa = PBXFileReference; fileEncoding = 4; lastKnownFileType = sourcecode.c.objc; path = WMDealPriceCell.m; sourceTree = "<group>"; };
		C9358CB81BE4A1F400F660FD /* WMPriceFrame.h */ = {isa = PBXFileReference; fileEncoding = 4; lastKnownFileType = sourcecode.c.h; path = WMPriceFrame.h; sourceTree = "<group>"; };
		C9358CB91BE4A1F400F660FD /* WMPriceFrame.m */ = {isa = PBXFileReference; fileEncoding = 4; lastKnownFileType = sourcecode.c.objc; path = WMPriceFrame.m; sourceTree = "<group>"; };
		C9358CBE1BE4D51900F660FD /* WMAppointmentCell.h */ = {isa = PBXFileReference; fileEncoding = 4; lastKnownFileType = sourcecode.c.h; path = WMAppointmentCell.h; sourceTree = "<group>"; };
		C9358CBF1BE4D51900F660FD /* WMAppointmentCell.m */ = {isa = PBXFileReference; fileEncoding = 4; lastKnownFileType = sourcecode.c.objc; path = WMAppointmentCell.m; sourceTree = "<group>"; };
		C9358CC11BE4EAC200F660FD /* WMAddress.h */ = {isa = PBXFileReference; fileEncoding = 4; lastKnownFileType = sourcecode.c.h; path = WMAddress.h; sourceTree = "<group>"; };
		C9358CC21BE4EAC200F660FD /* WMAddress.m */ = {isa = PBXFileReference; fileEncoding = 4; lastKnownFileType = sourcecode.c.objc; path = WMAddress.m; sourceTree = "<group>"; };
		C9358CC41BE4EADD00F660FD /* WMShop.h */ = {isa = PBXFileReference; fileEncoding = 4; lastKnownFileType = sourcecode.c.h; path = WMShop.h; sourceTree = "<group>"; };
		C9358CC51BE4EADD00F660FD /* WMShop.m */ = {isa = PBXFileReference; fileEncoding = 4; lastKnownFileType = sourcecode.c.objc; path = WMShop.m; sourceTree = "<group>"; };
		C9358CC71BE4EF7600F660FD /* WMAddressFrame.h */ = {isa = PBXFileReference; fileEncoding = 4; lastKnownFileType = sourcecode.c.h; path = WMAddressFrame.h; sourceTree = "<group>"; };
		C9358CC81BE4EF7600F660FD /* WMAddressFrame.m */ = {isa = PBXFileReference; fileEncoding = 4; lastKnownFileType = sourcecode.c.objc; path = WMAddressFrame.m; sourceTree = "<group>"; };
		C9358CCA1BE4EF9400F660FD /* WMAddressCell.h */ = {isa = PBXFileReference; fileEncoding = 4; lastKnownFileType = sourcecode.c.h; path = WMAddressCell.h; sourceTree = "<group>"; };
		C9358CCB1BE4EF9400F660FD /* WMAddressCell.m */ = {isa = PBXFileReference; fileEncoding = 4; lastKnownFileType = sourcecode.c.objc; path = WMAddressCell.m; sourceTree = "<group>"; };
		C9358CCE1BE55E4600F660FD /* MBProgressHUD+MJ.h */ = {isa = PBXFileReference; fileEncoding = 4; lastKnownFileType = sourcecode.c.h; path = "MBProgressHUD+MJ.h"; sourceTree = "<group>"; };
		C9358CCF1BE55E4600F660FD /* MBProgressHUD+MJ.m */ = {isa = PBXFileReference; fileEncoding = 4; lastKnownFileType = sourcecode.c.objc; path = "MBProgressHUD+MJ.m"; sourceTree = "<group>"; };
		C9358CD01BE55E4600F660FD /* MBProgressHUD.bundle */ = {isa = PBXFileReference; lastKnownFileType = "wrapper.plug-in"; path = MBProgressHUD.bundle; sourceTree = "<group>"; };
		C9358CD11BE55E4600F660FD /* MBProgressHUD.h */ = {isa = PBXFileReference; fileEncoding = 4; lastKnownFileType = sourcecode.c.h; path = MBProgressHUD.h; sourceTree = "<group>"; };
		C9358CD21BE55E4600F660FD /* MBProgressHUD.m */ = {isa = PBXFileReference; fileEncoding = 4; lastKnownFileType = sourcecode.c.objc; path = MBProgressHUD.m; sourceTree = "<group>"; };
		C94C59401BEBE124003F2120 /* WMShoppingCartViewController.h */ = {isa = PBXFileReference; fileEncoding = 4; lastKnownFileType = sourcecode.c.h; path = WMShoppingCartViewController.h; sourceTree = "<group>"; };
		C94C59411BEBE124003F2120 /* WMShoppingCartViewController.m */ = {isa = PBXFileReference; fileEncoding = 4; lastKnownFileType = sourcecode.c.objc; path = WMShoppingCartViewController.m; sourceTree = "<group>"; };
		C98D3FD41BEDF48F00A136A8 /* MJRefresh.bundle */ = {isa = PBXFileReference; lastKnownFileType = "wrapper.plug-in"; path = MJRefresh.bundle; sourceTree = "<group>"; };
		C98D3FD51BEDF48F00A136A8 /* MJRefresh.h */ = {isa = PBXFileReference; fileEncoding = 4; lastKnownFileType = sourcecode.c.h; path = MJRefresh.h; sourceTree = "<group>"; };
		C98D3FD61BEDF48F00A136A8 /* MJRefreshBaseView.h */ = {isa = PBXFileReference; fileEncoding = 4; lastKnownFileType = sourcecode.c.h; path = MJRefreshBaseView.h; sourceTree = "<group>"; };
		C98D3FD71BEDF48F00A136A8 /* MJRefreshBaseView.m */ = {isa = PBXFileReference; fileEncoding = 4; lastKnownFileType = sourcecode.c.objc; path = MJRefreshBaseView.m; sourceTree = "<group>"; };
		C98D3FD81BEDF48F00A136A8 /* MJRefreshConst.h */ = {isa = PBXFileReference; fileEncoding = 4; lastKnownFileType = sourcecode.c.h; path = MJRefreshConst.h; sourceTree = "<group>"; };
		C98D3FD91BEDF48F00A136A8 /* MJRefreshConst.m */ = {isa = PBXFileReference; fileEncoding = 4; lastKnownFileType = sourcecode.c.objc; path = MJRefreshConst.m; sourceTree = "<group>"; };
		C98D3FDA1BEDF48F00A136A8 /* MJRefreshFooterView.h */ = {isa = PBXFileReference; fileEncoding = 4; lastKnownFileType = sourcecode.c.h; path = MJRefreshFooterView.h; sourceTree = "<group>"; };
		C98D3FDB1BEDF48F00A136A8 /* MJRefreshFooterView.m */ = {isa = PBXFileReference; fileEncoding = 4; lastKnownFileType = sourcecode.c.objc; path = MJRefreshFooterView.m; sourceTree = "<group>"; };
		C98D3FDC1BEDF48F00A136A8 /* MJRefreshHeaderView.h */ = {isa = PBXFileReference; fileEncoding = 4; lastKnownFileType = sourcecode.c.h; path = MJRefreshHeaderView.h; sourceTree = "<group>"; };
		C98D3FDD1BEDF48F00A136A8 /* MJRefreshHeaderView.m */ = {isa = PBXFileReference; fileEncoding = 4; lastKnownFileType = sourcecode.c.objc; path = MJRefreshHeaderView.m; sourceTree = "<group>"; };
		C98D3FDE1BEDF48F00A136A8 /* UIScrollView+MJExtension.h */ = {isa = PBXFileReference; fileEncoding = 4; lastKnownFileType = sourcecode.c.h; path = "UIScrollView+MJExtension.h"; sourceTree = "<group>"; };
		C98D3FDF1BEDF48F00A136A8 /* UIScrollView+MJExtension.m */ = {isa = PBXFileReference; fileEncoding = 4; lastKnownFileType = sourcecode.c.objc; path = "UIScrollView+MJExtension.m"; sourceTree = "<group>"; };
		C98D3FE01BEDF48F00A136A8 /* UIScrollView+MJRefresh.h */ = {isa = PBXFileReference; fileEncoding = 4; lastKnownFileType = sourcecode.c.h; path = "UIScrollView+MJRefresh.h"; sourceTree = "<group>"; };
		C98D3FE11BEDF48F00A136A8 /* UIScrollView+MJRefresh.m */ = {isa = PBXFileReference; fileEncoding = 4; lastKnownFileType = sourcecode.c.objc; path = "UIScrollView+MJRefresh.m"; sourceTree = "<group>"; };
		C98D3FE21BEDF48F00A136A8 /* UIView+MJExtension.h */ = {isa = PBXFileReference; fileEncoding = 4; lastKnownFileType = sourcecode.c.h; path = "UIView+MJExtension.h"; sourceTree = "<group>"; };
		C98D3FE31BEDF48F00A136A8 /* UIView+MJExtension.m */ = {isa = PBXFileReference; fileEncoding = 4; lastKnownFileType = sourcecode.c.objc; path = "UIView+MJExtension.m"; sourceTree = "<group>"; };
		C99B128C1BDF42DD0064616B /* WMHomeCell.h */ = {isa = PBXFileReference; fileEncoding = 4; lastKnownFileType = sourcecode.c.h; path = WMHomeCell.h; sourceTree = "<group>"; };
		C99B128D1BDF42DD0064616B /* WMHomeCell.m */ = {isa = PBXFileReference; fileEncoding = 4; lastKnownFileType = sourcecode.c.objc; path = WMHomeCell.m; sourceTree = "<group>"; };
		C99B12941BDF515F0064616B /* MJArgument.h */ = {isa = PBXFileReference; fileEncoding = 4; lastKnownFileType = sourcecode.c.h; path = MJArgument.h; sourceTree = "<group>"; };
		C99B12951BDF515F0064616B /* MJArgument.m */ = {isa = PBXFileReference; fileEncoding = 4; lastKnownFileType = sourcecode.c.objc; path = MJArgument.m; sourceTree = "<group>"; };
		C99B12961BDF515F0064616B /* MJConst.h */ = {isa = PBXFileReference; fileEncoding = 4; lastKnownFileType = sourcecode.c.h; path = MJConst.h; sourceTree = "<group>"; };
		C99B12971BDF515F0064616B /* MJConst.m */ = {isa = PBXFileReference; fileEncoding = 4; lastKnownFileType = sourcecode.c.objc; path = MJConst.m; sourceTree = "<group>"; };
		C99B12981BDF515F0064616B /* MJExtension.h */ = {isa = PBXFileReference; fileEncoding = 4; lastKnownFileType = sourcecode.c.h; path = MJExtension.h; sourceTree = "<group>"; };
		C99B12991BDF515F0064616B /* MJFoundation.h */ = {isa = PBXFileReference; fileEncoding = 4; lastKnownFileType = sourcecode.c.h; path = MJFoundation.h; sourceTree = "<group>"; };
		C99B129A1BDF515F0064616B /* MJFoundation.m */ = {isa = PBXFileReference; fileEncoding = 4; lastKnownFileType = sourcecode.c.objc; path = MJFoundation.m; sourceTree = "<group>"; };
		C99B129B1BDF515F0064616B /* MJIvar.h */ = {isa = PBXFileReference; fileEncoding = 4; lastKnownFileType = sourcecode.c.h; path = MJIvar.h; sourceTree = "<group>"; };
		C99B129C1BDF515F0064616B /* MJIvar.m */ = {isa = PBXFileReference; fileEncoding = 4; lastKnownFileType = sourcecode.c.objc; path = MJIvar.m; sourceTree = "<group>"; };
		C99B129D1BDF515F0064616B /* MJMember.h */ = {isa = PBXFileReference; fileEncoding = 4; lastKnownFileType = sourcecode.c.h; path = MJMember.h; sourceTree = "<group>"; };
		C99B129E1BDF515F0064616B /* MJMember.m */ = {isa = PBXFileReference; fileEncoding = 4; lastKnownFileType = sourcecode.c.objc; path = MJMember.m; sourceTree = "<group>"; };
		C99B129F1BDF515F0064616B /* MJMethod.h */ = {isa = PBXFileReference; fileEncoding = 4; lastKnownFileType = sourcecode.c.h; path = MJMethod.h; sourceTree = "<group>"; };
		C99B12A01BDF515F0064616B /* MJMethod.m */ = {isa = PBXFileReference; fileEncoding = 4; lastKnownFileType = sourcecode.c.objc; path = MJMethod.m; sourceTree = "<group>"; };
		C99B12A11BDF515F0064616B /* MJType.h */ = {isa = PBXFileReference; fileEncoding = 4; lastKnownFileType = sourcecode.c.h; path = MJType.h; sourceTree = "<group>"; };
		C99B12A21BDF515F0064616B /* MJType.m */ = {isa = PBXFileReference; fileEncoding = 4; lastKnownFileType = sourcecode.c.objc; path = MJType.m; sourceTree = "<group>"; };
		C99B12A31BDF515F0064616B /* MJTypeEncoding.h */ = {isa = PBXFileReference; fileEncoding = 4; lastKnownFileType = sourcecode.c.h; path = MJTypeEncoding.h; sourceTree = "<group>"; };
		C99B12A41BDF515F0064616B /* MJTypeEncoding.m */ = {isa = PBXFileReference; fileEncoding = 4; lastKnownFileType = sourcecode.c.objc; path = MJTypeEncoding.m; sourceTree = "<group>"; };
		C99B12A51BDF515F0064616B /* NSObject+MJCoding.h */ = {isa = PBXFileReference; fileEncoding = 4; lastKnownFileType = sourcecode.c.h; path = "NSObject+MJCoding.h"; sourceTree = "<group>"; };
		C99B12A61BDF515F0064616B /* NSObject+MJCoding.m */ = {isa = PBXFileReference; fileEncoding = 4; lastKnownFileType = sourcecode.c.objc; path = "NSObject+MJCoding.m"; sourceTree = "<group>"; };
		C99B12A71BDF515F0064616B /* NSObject+MJKeyValue.h */ = {isa = PBXFileReference; fileEncoding = 4; lastKnownFileType = sourcecode.c.h; path = "NSObject+MJKeyValue.h"; sourceTree = "<group>"; };
		C99B12A81BDF515F0064616B /* NSObject+MJKeyValue.m */ = {isa = PBXFileReference; fileEncoding = 4; lastKnownFileType = sourcecode.c.objc; path = "NSObject+MJKeyValue.m"; sourceTree = "<group>"; };
		C99B12A91BDF515F0064616B /* NSObject+MJMember.h */ = {isa = PBXFileReference; fileEncoding = 4; lastKnownFileType = sourcecode.c.h; path = "NSObject+MJMember.h"; sourceTree = "<group>"; };
		C99B12AA1BDF515F0064616B /* NSObject+MJMember.m */ = {isa = PBXFileReference; fileEncoding = 4; lastKnownFileType = sourcecode.c.objc; path = "NSObject+MJMember.m"; sourceTree = "<group>"; };
		C99B12B71BDF62C10064616B /* AFHTTPRequestOperation.h */ = {isa = PBXFileReference; fileEncoding = 4; lastKnownFileType = sourcecode.c.h; path = AFHTTPRequestOperation.h; sourceTree = "<group>"; };
		C99B12B81BDF62C10064616B /* AFHTTPRequestOperation.m */ = {isa = PBXFileReference; fileEncoding = 4; lastKnownFileType = sourcecode.c.objc; path = AFHTTPRequestOperation.m; sourceTree = "<group>"; };
		C99B12B91BDF62C10064616B /* AFHTTPRequestOperationManager.h */ = {isa = PBXFileReference; fileEncoding = 4; lastKnownFileType = sourcecode.c.h; path = AFHTTPRequestOperationManager.h; sourceTree = "<group>"; };
		C99B12BA1BDF62C10064616B /* AFHTTPRequestOperationManager.m */ = {isa = PBXFileReference; fileEncoding = 4; lastKnownFileType = sourcecode.c.objc; path = AFHTTPRequestOperationManager.m; sourceTree = "<group>"; };
		C99B12BB1BDF62C10064616B /* AFHTTPSessionManager.h */ = {isa = PBXFileReference; fileEncoding = 4; lastKnownFileType = sourcecode.c.h; path = AFHTTPSessionManager.h; sourceTree = "<group>"; };
		C99B12BC1BDF62C10064616B /* AFHTTPSessionManager.m */ = {isa = PBXFileReference; fileEncoding = 4; lastKnownFileType = sourcecode.c.objc; path = AFHTTPSessionManager.m; sourceTree = "<group>"; };
		C99B12BD1BDF62C10064616B /* AFNetworking.h */ = {isa = PBXFileReference; fileEncoding = 4; lastKnownFileType = sourcecode.c.h; path = AFNetworking.h; sourceTree = "<group>"; };
		C99B12BE1BDF62C10064616B /* AFNetworkReachabilityManager.h */ = {isa = PBXFileReference; fileEncoding = 4; lastKnownFileType = sourcecode.c.h; path = AFNetworkReachabilityManager.h; sourceTree = "<group>"; };
		C99B12BF1BDF62C10064616B /* AFNetworkReachabilityManager.m */ = {isa = PBXFileReference; fileEncoding = 4; lastKnownFileType = sourcecode.c.objc; path = AFNetworkReachabilityManager.m; sourceTree = "<group>"; };
		C99B12C01BDF62C10064616B /* AFSecurityPolicy.h */ = {isa = PBXFileReference; fileEncoding = 4; lastKnownFileType = sourcecode.c.h; path = AFSecurityPolicy.h; sourceTree = "<group>"; };
		C99B12C11BDF62C10064616B /* AFSecurityPolicy.m */ = {isa = PBXFileReference; fileEncoding = 4; lastKnownFileType = sourcecode.c.objc; path = AFSecurityPolicy.m; sourceTree = "<group>"; };
		C99B12C21BDF62C10064616B /* AFURLConnectionOperation.h */ = {isa = PBXFileReference; fileEncoding = 4; lastKnownFileType = sourcecode.c.h; path = AFURLConnectionOperation.h; sourceTree = "<group>"; };
		C99B12C31BDF62C10064616B /* AFURLConnectionOperation.m */ = {isa = PBXFileReference; fileEncoding = 4; lastKnownFileType = sourcecode.c.objc; path = AFURLConnectionOperation.m; sourceTree = "<group>"; };
		C99B12C41BDF62C10064616B /* AFURLRequestSerialization.h */ = {isa = PBXFileReference; fileEncoding = 4; lastKnownFileType = sourcecode.c.h; path = AFURLRequestSerialization.h; sourceTree = "<group>"; };
		C99B12C51BDF62C10064616B /* AFURLRequestSerialization.m */ = {isa = PBXFileReference; fileEncoding = 4; lastKnownFileType = sourcecode.c.objc; path = AFURLRequestSerialization.m; sourceTree = "<group>"; };
		C99B12C61BDF62C10064616B /* AFURLResponseSerialization.h */ = {isa = PBXFileReference; fileEncoding = 4; lastKnownFileType = sourcecode.c.h; path = AFURLResponseSerialization.h; sourceTree = "<group>"; };
		C99B12C71BDF62C10064616B /* AFURLResponseSerialization.m */ = {isa = PBXFileReference; fileEncoding = 4; lastKnownFileType = sourcecode.c.objc; path = AFURLResponseSerialization.m; sourceTree = "<group>"; };
		C99B12C81BDF62C10064616B /* AFURLSessionManager.h */ = {isa = PBXFileReference; fileEncoding = 4; lastKnownFileType = sourcecode.c.h; path = AFURLSessionManager.h; sourceTree = "<group>"; };
		C99B12C91BDF62C10064616B /* AFURLSessionManager.m */ = {isa = PBXFileReference; fileEncoding = 4; lastKnownFileType = sourcecode.c.objc; path = AFURLSessionManager.m; sourceTree = "<group>"; };
		C99B12CA1BDF62C10064616B /* Foundation+Log.m */ = {isa = PBXFileReference; fileEncoding = 4; lastKnownFileType = sourcecode.c.objc; path = "Foundation+Log.m"; sourceTree = "<group>"; };
		C99B12D81BDF672F0064616B /* WMShopData.h */ = {isa = PBXFileReference; fileEncoding = 4; lastKnownFileType = sourcecode.c.h; path = WMShopData.h; sourceTree = "<group>"; };
		C99B12D91BDF672F0064616B /* WMShopData.m */ = {isa = PBXFileReference; fileEncoding = 4; lastKnownFileType = sourcecode.c.objc; path = WMShopData.m; sourceTree = "<group>"; };
		C99B12DB1BDF67400064616B /* WMData.h */ = {isa = PBXFileReference; fileEncoding = 4; lastKnownFileType = sourcecode.c.h; path = WMData.h; sourceTree = "<group>"; };
		C99B12DC1BDF67400064616B /* WMData.m */ = {isa = PBXFileReference; fileEncoding = 4; lastKnownFileType = sourcecode.c.objc; path = WMData.m; sourceTree = "<group>"; };
		C99B12DE1BDF6AEA0064616B /* WMDetail.h */ = {isa = PBXFileReference; fileEncoding = 4; lastKnownFileType = sourcecode.c.h; path = WMDetail.h; sourceTree = "<group>"; };
		C99B12DF1BDF6AEA0064616B /* WMDetail.m */ = {isa = PBXFileReference; fileEncoding = 4; lastKnownFileType = sourcecode.c.objc; path = WMDetail.m; sourceTree = "<group>"; };
		C99B12E11BDFBA0F0064616B /* WMShopFrame.h */ = {isa = PBXFileReference; fileEncoding = 4; lastKnownFileType = sourcecode.c.h; path = WMShopFrame.h; sourceTree = "<group>"; };
		C99B12E21BDFBA0F0064616B /* WMShopFrame.m */ = {isa = PBXFileReference; fileEncoding = 4; lastKnownFileType = sourcecode.c.objc; path = WMShopFrame.m; sourceTree = "<group>"; };
		C99B12E81BDFCB930064616B /* MKAnnotationView+WebCache.h */ = {isa = PBXFileReference; fileEncoding = 4; lastKnownFileType = sourcecode.c.h; path = "MKAnnotationView+WebCache.h"; sourceTree = "<group>"; };
		C99B12E91BDFCB930064616B /* MKAnnotationView+WebCache.m */ = {isa = PBXFileReference; fileEncoding = 4; lastKnownFileType = sourcecode.c.objc; path = "MKAnnotationView+WebCache.m"; sourceTree = "<group>"; };
		C99B12EA1BDFCB930064616B /* NSData+ImageContentType.h */ = {isa = PBXFileReference; fileEncoding = 4; lastKnownFileType = sourcecode.c.h; path = "NSData+ImageContentType.h"; sourceTree = "<group>"; };
		C99B12EB1BDFCB930064616B /* NSData+ImageContentType.m */ = {isa = PBXFileReference; fileEncoding = 4; lastKnownFileType = sourcecode.c.objc; path = "NSData+ImageContentType.m"; sourceTree = "<group>"; };
		C99B12EC1BDFCB930064616B /* SDImageCache.h */ = {isa = PBXFileReference; fileEncoding = 4; lastKnownFileType = sourcecode.c.h; path = SDImageCache.h; sourceTree = "<group>"; };
		C99B12ED1BDFCB930064616B /* SDImageCache.m */ = {isa = PBXFileReference; fileEncoding = 4; lastKnownFileType = sourcecode.c.objc; path = SDImageCache.m; sourceTree = "<group>"; };
		C99B12EE1BDFCB930064616B /* SDWebImageCompat.h */ = {isa = PBXFileReference; fileEncoding = 4; lastKnownFileType = sourcecode.c.h; path = SDWebImageCompat.h; sourceTree = "<group>"; };
		C99B12EF1BDFCB930064616B /* SDWebImageCompat.m */ = {isa = PBXFileReference; fileEncoding = 4; lastKnownFileType = sourcecode.c.objc; path = SDWebImageCompat.m; sourceTree = "<group>"; };
		C99B12F01BDFCB930064616B /* SDWebImageDecoder.h */ = {isa = PBXFileReference; fileEncoding = 4; lastKnownFileType = sourcecode.c.h; path = SDWebImageDecoder.h; sourceTree = "<group>"; };
		C99B12F11BDFCB930064616B /* SDWebImageDecoder.m */ = {isa = PBXFileReference; fileEncoding = 4; lastKnownFileType = sourcecode.c.objc; path = SDWebImageDecoder.m; sourceTree = "<group>"; };
		C99B12F21BDFCB930064616B /* SDWebImageDownloader.h */ = {isa = PBXFileReference; fileEncoding = 4; lastKnownFileType = sourcecode.c.h; path = SDWebImageDownloader.h; sourceTree = "<group>"; };
		C99B12F31BDFCB930064616B /* SDWebImageDownloader.m */ = {isa = PBXFileReference; fileEncoding = 4; lastKnownFileType = sourcecode.c.objc; path = SDWebImageDownloader.m; sourceTree = "<group>"; };
		C99B12F41BDFCB930064616B /* SDWebImageDownloaderOperation.h */ = {isa = PBXFileReference; fileEncoding = 4; lastKnownFileType = sourcecode.c.h; path = SDWebImageDownloaderOperation.h; sourceTree = "<group>"; };
		C99B12F51BDFCB930064616B /* SDWebImageDownloaderOperation.m */ = {isa = PBXFileReference; fileEncoding = 4; lastKnownFileType = sourcecode.c.objc; path = SDWebImageDownloaderOperation.m; sourceTree = "<group>"; };
		C99B12F61BDFCB930064616B /* SDWebImageManager.h */ = {isa = PBXFileReference; fileEncoding = 4; lastKnownFileType = sourcecode.c.h; path = SDWebImageManager.h; sourceTree = "<group>"; };
		C99B12F71BDFCB930064616B /* SDWebImageManager.m */ = {isa = PBXFileReference; fileEncoding = 4; lastKnownFileType = sourcecode.c.objc; path = SDWebImageManager.m; sourceTree = "<group>"; };
		C99B12F81BDFCB930064616B /* SDWebImageOperation.h */ = {isa = PBXFileReference; fileEncoding = 4; lastKnownFileType = sourcecode.c.h; path = SDWebImageOperation.h; sourceTree = "<group>"; };
		C99B12F91BDFCB930064616B /* SDWebImagePrefetcher.h */ = {isa = PBXFileReference; fileEncoding = 4; lastKnownFileType = sourcecode.c.h; path = SDWebImagePrefetcher.h; sourceTree = "<group>"; };
		C99B12FA1BDFCB930064616B /* SDWebImagePrefetcher.m */ = {isa = PBXFileReference; fileEncoding = 4; lastKnownFileType = sourcecode.c.objc; path = SDWebImagePrefetcher.m; sourceTree = "<group>"; };
		C99B12FB1BDFCB930064616B /* UIButton+WebCache.h */ = {isa = PBXFileReference; fileEncoding = 4; lastKnownFileType = sourcecode.c.h; path = "UIButton+WebCache.h"; sourceTree = "<group>"; };
		C99B12FC1BDFCB930064616B /* UIButton+WebCache.m */ = {isa = PBXFileReference; fileEncoding = 4; lastKnownFileType = sourcecode.c.objc; path = "UIButton+WebCache.m"; sourceTree = "<group>"; };
		C99B12FD1BDFCB930064616B /* UIImage+GIF.h */ = {isa = PBXFileReference; fileEncoding = 4; lastKnownFileType = sourcecode.c.h; path = "UIImage+GIF.h"; sourceTree = "<group>"; };
		C99B12FE1BDFCB930064616B /* UIImage+GIF.m */ = {isa = PBXFileReference; fileEncoding = 4; lastKnownFileType = sourcecode.c.objc; path = "UIImage+GIF.m"; sourceTree = "<group>"; };
		C99B12FF1BDFCB930064616B /* UIImage+MultiFormat.h */ = {isa = PBXFileReference; fileEncoding = 4; lastKnownFileType = sourcecode.c.h; path = "UIImage+MultiFormat.h"; sourceTree = "<group>"; };
		C99B13001BDFCB930064616B /* UIImage+MultiFormat.m */ = {isa = PBXFileReference; fileEncoding = 4; lastKnownFileType = sourcecode.c.objc; path = "UIImage+MultiFormat.m"; sourceTree = "<group>"; };
		C99B13011BDFCB930064616B /* UIImage+WebP.h */ = {isa = PBXFileReference; fileEncoding = 4; lastKnownFileType = sourcecode.c.h; path = "UIImage+WebP.h"; sourceTree = "<group>"; };
		C99B13021BDFCB930064616B /* UIImage+WebP.m */ = {isa = PBXFileReference; fileEncoding = 4; lastKnownFileType = sourcecode.c.objc; path = "UIImage+WebP.m"; sourceTree = "<group>"; };
		C99B13031BDFCB930064616B /* UIImageView+HighlightedWebCache.h */ = {isa = PBXFileReference; fileEncoding = 4; lastKnownFileType = sourcecode.c.h; path = "UIImageView+HighlightedWebCache.h"; sourceTree = "<group>"; };
		C99B13041BDFCB930064616B /* UIImageView+HighlightedWebCache.m */ = {isa = PBXFileReference; fileEncoding = 4; lastKnownFileType = sourcecode.c.objc; path = "UIImageView+HighlightedWebCache.m"; sourceTree = "<group>"; };
		C99B13051BDFCB930064616B /* UIImageView+WebCache.h */ = {isa = PBXFileReference; fileEncoding = 4; lastKnownFileType = sourcecode.c.h; path = "UIImageView+WebCache.h"; sourceTree = "<group>"; };
		C99B13061BDFCB930064616B /* UIImageView+WebCache.m */ = {isa = PBXFileReference; fileEncoding = 4; lastKnownFileType = sourcecode.c.objc; path = "UIImageView+WebCache.m"; sourceTree = "<group>"; };
		C99B13071BDFCB930064616B /* UIView+WebCacheOperation.h */ = {isa = PBXFileReference; fileEncoding = 4; lastKnownFileType = sourcecode.c.h; path = "UIView+WebCacheOperation.h"; sourceTree = "<group>"; };
		C99B13081BDFCB930064616B /* UIView+WebCacheOperation.m */ = {isa = PBXFileReference; fileEncoding = 4; lastKnownFileType = sourcecode.c.objc; path = "UIView+WebCacheOperation.m"; sourceTree = "<group>"; };
		C99B131C1BDFDD820064616B /* NSString+Extension.h */ = {isa = PBXFileReference; fileEncoding = 4; lastKnownFileType = sourcecode.c.h; path = "NSString+Extension.h"; sourceTree = "<group>"; };
		C99B131D1BDFDD820064616B /* NSString+Extension.m */ = {isa = PBXFileReference; fileEncoding = 4; lastKnownFileType = sourcecode.c.objc; path = "NSString+Extension.m"; sourceTree = "<group>"; };
		C99C969E1BE89395004802F9 /* WMConsumerTipsCell.h */ = {isa = PBXFileReference; fileEncoding = 4; lastKnownFileType = sourcecode.c.h; path = WMConsumerTipsCell.h; sourceTree = "<group>"; };
		C99C969F1BE89395004802F9 /* WMConsumerTipsCell.m */ = {isa = PBXFileReference; fileEncoding = 4; lastKnownFileType = sourcecode.c.objc; path = WMConsumerTipsCell.m; sourceTree = "<group>"; };
		C9B16F2C1BF1031700CE7C76 /* en */ = {isa = PBXFileReference; lastKnownFileType = text.plist.strings; name = en; path = en.lproj/UMSocialLocalizable.strings; sourceTree = "<group>"; };
		C9B16F2E1BF1031700CE7C76 /* UMSocial.h */ = {isa = PBXFileReference; fileEncoding = 4; lastKnownFileType = sourcecode.c.h; path = UMSocial.h; sourceTree = "<group>"; };
		C9B16F2F1BF1031700CE7C76 /* UMSocialAccountManager.h */ = {isa = PBXFileReference; fileEncoding = 4; lastKnownFileType = sourcecode.c.h; path = UMSocialAccountManager.h; sourceTree = "<group>"; };
		C9B16F301BF1031700CE7C76 /* UMSocialBar.h */ = {isa = PBXFileReference; fileEncoding = 4; lastKnownFileType = sourcecode.c.h; path = UMSocialBar.h; sourceTree = "<group>"; };
		C9B16F311BF1031700CE7C76 /* UMSocialConfig.h */ = {isa = PBXFileReference; fileEncoding = 4; lastKnownFileType = sourcecode.c.h; path = UMSocialConfig.h; sourceTree = "<group>"; };
		C9B16F321BF1031700CE7C76 /* UMSocialControllerService.h */ = {isa = PBXFileReference; fileEncoding = 4; lastKnownFileType = sourcecode.c.h; path = UMSocialControllerService.h; sourceTree = "<group>"; };
		C9B16F331BF1031700CE7C76 /* UMSocialControllerServiceComment.h */ = {isa = PBXFileReference; fileEncoding = 4; lastKnownFileType = sourcecode.c.h; path = UMSocialControllerServiceComment.h; sourceTree = "<group>"; };
		C9B16F341BF1031700CE7C76 /* UMSocialData.h */ = {isa = PBXFileReference; fileEncoding = 4; lastKnownFileType = sourcecode.c.h; path = UMSocialData.h; sourceTree = "<group>"; };
		C9B16F351BF1031700CE7C76 /* UMSocialDataService.h */ = {isa = PBXFileReference; fileEncoding = 4; lastKnownFileType = sourcecode.c.h; path = UMSocialDataService.h; sourceTree = "<group>"; };
		C9B16F361BF1031700CE7C76 /* UMSocialSnsData.h */ = {isa = PBXFileReference; fileEncoding = 4; lastKnownFileType = sourcecode.c.h; path = UMSocialSnsData.h; sourceTree = "<group>"; };
		C9B16F371BF1031700CE7C76 /* UMSocialSnsPlatformManager.h */ = {isa = PBXFileReference; fileEncoding = 4; lastKnownFileType = sourcecode.c.h; path = UMSocialSnsPlatformManager.h; sourceTree = "<group>"; };
		C9B16F381BF1031700CE7C76 /* UMSocialSnsService.h */ = {isa = PBXFileReference; fileEncoding = 4; lastKnownFileType = sourcecode.c.h; path = UMSocialSnsService.h; sourceTree = "<group>"; };
		C9B16F391BF1031700CE7C76 /* libUMSocial_Sdk_4.3.a */ = {isa = PBXFileReference; lastKnownFileType = archive.ar; path = libUMSocial_Sdk_4.3.a; sourceTree = "<group>"; };
		C9B16F3B1BF1031700CE7C76 /* UMSCommentDetailController.xib */ = {isa = PBXFileReference; fileEncoding = 4; lastKnownFileType = file.xib; path = UMSCommentDetailController.xib; sourceTree = "<group>"; };
		C9B16F3C1BF1031700CE7C76 /* UMSCommentInputController.xib */ = {isa = PBXFileReference; fileEncoding = 4; lastKnownFileType = file.xib; path = UMSCommentInputController.xib; sourceTree = "<group>"; };
		C9B16F3D1BF1031700CE7C76 /* UMSCommentInputControlleriPad.xib */ = {isa = PBXFileReference; fileEncoding = 4; lastKnownFileType = file.xib; path = UMSCommentInputControlleriPad.xib; sourceTree = "<group>"; };
		C9B16F3E1BF1031700CE7C76 /* UMShareEditViewController.xib */ = {isa = PBXFileReference; fileEncoding = 4; lastKnownFileType = file.xib; path = UMShareEditViewController.xib; sourceTree = "<group>"; };
		C9B16F3F1BF1031700CE7C76 /* UMShareEditViewControlleriPad.xib */ = {isa = PBXFileReference; fileEncoding = 4; lastKnownFileType = file.xib; path = UMShareEditViewControlleriPad.xib; sourceTree = "<group>"; };
		C9B16F401BF1031700CE7C76 /* UMSLoginViewController.xib */ = {isa = PBXFileReference; fileEncoding = 4; lastKnownFileType = file.xib; path = UMSLoginViewController.xib; sourceTree = "<group>"; };
		C9B16F411BF1031700CE7C76 /* UMSnsAccountViewController.xib */ = {isa = PBXFileReference; fileEncoding = 4; lastKnownFileType = file.xib; path = UMSnsAccountViewController.xib; sourceTree = "<group>"; };
		C9B16F421BF1031700CE7C76 /* UMSShareListController.xib */ = {isa = PBXFileReference; fileEncoding = 4; lastKnownFileType = file.xib; path = UMSShareListController.xib; sourceTree = "<group>"; };
		C9B16F431BF1031700CE7C76 /* UMSocialSDKResourcesNew.bundle */ = {isa = PBXFileReference; lastKnownFileType = "wrapper.plug-in"; path = UMSocialSDKResourcesNew.bundle; sourceTree = "<group>"; };
		C9B16F441BF1031700CE7C76 /* zh-Hans */ = {isa = PBXFileReference; lastKnownFileType = text.plist.strings; name = "zh-Hans"; path = "zh-Hans.lproj/UMSocialLocalizable.strings"; sourceTree = "<group>"; };
		C9C48C3A1BDE2BE8009650B6 /* TAAbstractDotView.h */ = {isa = PBXFileReference; fileEncoding = 4; lastKnownFileType = sourcecode.c.h; path = TAAbstractDotView.h; sourceTree = "<group>"; };
		C9C48C3B1BDE2BE8009650B6 /* TAAbstractDotView.m */ = {isa = PBXFileReference; fileEncoding = 4; lastKnownFileType = sourcecode.c.objc; path = TAAbstractDotView.m; sourceTree = "<group>"; };
		C9C48C3C1BDE2BE8009650B6 /* TAAnimatedDotView.h */ = {isa = PBXFileReference; fileEncoding = 4; lastKnownFileType = sourcecode.c.h; path = TAAnimatedDotView.h; sourceTree = "<group>"; };
		C9C48C3D1BDE2BE8009650B6 /* TAAnimatedDotView.m */ = {isa = PBXFileReference; fileEncoding = 4; lastKnownFileType = sourcecode.c.objc; path = TAAnimatedDotView.m; sourceTree = "<group>"; };
		C9C48C3E1BDE2BE8009650B6 /* TADotView.h */ = {isa = PBXFileReference; fileEncoding = 4; lastKnownFileType = sourcecode.c.h; path = TADotView.h; sourceTree = "<group>"; };
		C9C48C3F1BDE2BE8009650B6 /* TADotView.m */ = {isa = PBXFileReference; fileEncoding = 4; lastKnownFileType = sourcecode.c.objc; path = TADotView.m; sourceTree = "<group>"; };
		C9C48C401BDE2BE8009650B6 /* TAPageControl.h */ = {isa = PBXFileReference; fileEncoding = 4; lastKnownFileType = sourcecode.c.h; path = TAPageControl.h; sourceTree = "<group>"; };
		C9C48C411BDE2BE8009650B6 /* TAPageControl.m */ = {isa = PBXFileReference; fileEncoding = 4; lastKnownFileType = sourcecode.c.objc; path = TAPageControl.m; sourceTree = "<group>"; };
		C9C48C421BDE2BE8009650B6 /* SDCollectionViewCell.h */ = {isa = PBXFileReference; fileEncoding = 4; lastKnownFileType = sourcecode.c.h; path = SDCollectionViewCell.h; sourceTree = "<group>"; };
		C9C48C431BDE2BE8009650B6 /* SDCollectionViewCell.m */ = {isa = PBXFileReference; fileEncoding = 4; lastKnownFileType = sourcecode.c.objc; path = SDCollectionViewCell.m; sourceTree = "<group>"; };
		C9C48C441BDE2BE8009650B6 /* SDCycleScrollView.h */ = {isa = PBXFileReference; fileEncoding = 4; lastKnownFileType = sourcecode.c.h; path = SDCycleScrollView.h; sourceTree = "<group>"; };
		C9C48C451BDE2BE8009650B6 /* SDCycleScrollView.m */ = {isa = PBXFileReference; fileEncoding = 4; lastKnownFileType = sourcecode.c.objc; path = SDCycleScrollView.m; sourceTree = "<group>"; };
		C9C48C461BDE2BE8009650B6 /* UIView+SDExtension.h */ = {isa = PBXFileReference; fileEncoding = 4; lastKnownFileType = sourcecode.c.h; path = "UIView+SDExtension.h"; sourceTree = "<group>"; };
		C9C48C471BDE2BE8009650B6 /* UIView+SDExtension.m */ = {isa = PBXFileReference; fileEncoding = 4; lastKnownFileType = sourcecode.c.objc; path = "UIView+SDExtension.m"; sourceTree = "<group>"; };
		C9C48C591BDE410B009650B6 /* WMHomeView.h */ = {isa = PBXFileReference; fileEncoding = 4; lastKnownFileType = sourcecode.c.h; path = WMHomeView.h; sourceTree = "<group>"; };
		C9C48C5A1BDE410B009650B6 /* WMHomeView.m */ = {isa = PBXFileReference; fileEncoding = 4; lastKnownFileType = sourcecode.c.objc; path = WMHomeView.m; sourceTree = "<group>"; };
		C9D9C2031BEC9DF6003A918F /* WMRecommendCell.h */ = {isa = PBXFileReference; fileEncoding = 4; lastKnownFileType = sourcecode.c.h; path = WMRecommendCell.h; sourceTree = "<group>"; };
		C9D9C2041BEC9DF6003A918F /* WMRecommendCell.m */ = {isa = PBXFileReference; fileEncoding = 4; lastKnownFileType = sourcecode.c.objc; path = WMRecommendCell.m; sourceTree = "<group>"; };
		C9D9C2091BECB3E1003A918F /* UIColor+ZBRandomColor.h */ = {isa = PBXFileReference; fileEncoding = 4; lastKnownFileType = sourcecode.c.h; path = "UIColor+ZBRandomColor.h"; sourceTree = "<group>"; };
		C9D9C20A1BECB3E1003A918F /* UIColor+ZBRandomColor.m */ = {isa = PBXFileReference; fileEncoding = 4; lastKnownFileType = sourcecode.c.objc; path = "UIColor+ZBRandomColor.m"; sourceTree = "<group>"; };
		C9DBAB5E1BDC9D6A0055FCA9 /* WMHomeViewController.h */ = {isa = PBXFileReference; fileEncoding = 4; lastKnownFileType = sourcecode.c.h; path = WMHomeViewController.h; sourceTree = "<group>"; };
		C9DBAB5F1BDC9D6A0055FCA9 /* WMHomeViewController.m */ = {isa = PBXFileReference; fileEncoding = 4; lastKnownFileType = sourcecode.c.objc; path = WMHomeViewController.m; sourceTree = "<group>"; };
		C9DBAB6D1BDCC34D0055FCA9 /* WMTabBarViewController.h */ = {isa = PBXFileReference; fileEncoding = 4; lastKnownFileType = sourcecode.c.h; path = WMTabBarViewController.h; sourceTree = "<group>"; };
		C9DBAB6E1BDCC34D0055FCA9 /* WMTabBarViewController.m */ = {isa = PBXFileReference; fileEncoding = 4; lastKnownFileType = sourcecode.c.objc; path = WMTabBarViewController.m; sourceTree = "<group>"; };
		C9DBAB701BDCC3680055FCA9 /* WMNavigationViewController.h */ = {isa = PBXFileReference; fileEncoding = 4; lastKnownFileType = sourcecode.c.h; path = WMNavigationViewController.h; sourceTree = "<group>"; };
		C9DBAB711BDCC3680055FCA9 /* WMNavigationViewController.m */ = {isa = PBXFileReference; fileEncoding = 4; lastKnownFileType = sourcecode.c.objc; path = WMNavigationViewController.m; sourceTree = "<group>"; };
		C9DBAB731BDCC38A0055FCA9 /* WMMineTableViewController.h */ = {isa = PBXFileReference; fileEncoding = 4; lastKnownFileType = sourcecode.c.h; path = WMMineTableViewController.h; sourceTree = "<group>"; };
		C9DBAB741BDCC38A0055FCA9 /* WMMineTableViewController.m */ = {isa = PBXFileReference; fileEncoding = 4; lastKnownFileType = sourcecode.c.objc; path = WMMineTableViewController.m; sourceTree = "<group>"; };
		C9DBAB761BDCC39B0055FCA9 /* WMDiscoverViewController.h */ = {isa = PBXFileReference; fileEncoding = 4; lastKnownFileType = sourcecode.c.h; path = WMDiscoverViewController.h; sourceTree = "<group>"; };
		C9DBAB771BDCC39B0055FCA9 /* WMDiscoverViewController.m */ = {isa = PBXFileReference; fileEncoding = 4; lastKnownFileType = sourcecode.c.objc; path = WMDiscoverViewController.m; sourceTree = "<group>"; };
		C9DBAB791BDCC3DA0055FCA9 /* WMOrderViewController.h */ = {isa = PBXFileReference; fileEncoding = 4; lastKnownFileType = sourcecode.c.h; path = WMOrderViewController.h; sourceTree = "<group>"; };
		C9DBAB7A1BDCC3DA0055FCA9 /* WMOrderViewController.m */ = {isa = PBXFileReference; fileEncoding = 4; lastKnownFileType = sourcecode.c.objc; path = WMOrderViewController.m; sourceTree = "<group>"; };
		C9DBAB7E1BDCCA410055FCA9 /* UIBarButtonItem+Extension.h */ = {isa = PBXFileReference; fileEncoding = 4; lastKnownFileType = sourcecode.c.h; path = "UIBarButtonItem+Extension.h"; sourceTree = "<group>"; };
		C9DBAB7F1BDCCA410055FCA9 /* UIBarButtonItem+Extension.m */ = {isa = PBXFileReference; fileEncoding = 4; lastKnownFileType = sourcecode.c.objc; path = "UIBarButtonItem+Extension.m"; sourceTree = "<group>"; };
		C9DBAB801BDCCA410055FCA9 /* UIView+Extension.h */ = {isa = PBXFileReference; fileEncoding = 4; lastKnownFileType = sourcecode.c.h; path = "UIView+Extension.h"; sourceTree = "<group>"; };
		C9DBAB811BDCCA410055FCA9 /* UIView+Extension.m */ = {isa = PBXFileReference; fileEncoding = 4; lastKnownFileType = sourcecode.c.objc; path = "UIView+Extension.m"; sourceTree = "<group>"; };
		C9DBAB841BDCCAFA0055FCA9 /* WMText1ViewController.h */ = {isa = PBXFileReference; fileEncoding = 4; lastKnownFileType = sourcecode.c.h; path = WMText1ViewController.h; sourceTree = "<group>"; };
		C9DBAB851BDCCAFA0055FCA9 /* WMText1ViewController.m */ = {isa = PBXFileReference; fileEncoding = 4; lastKnownFileType = sourcecode.c.objc; path = WMText1ViewController.m; sourceTree = "<group>"; };
		C9DBAB861BDCCAFA0055FCA9 /* WMText1ViewController.xib */ = {isa = PBXFileReference; fileEncoding = 4; lastKnownFileType = file.xib; path = WMText1ViewController.xib; sourceTree = "<group>"; };
		C9DBAB891BDCCB0D0055FCA9 /* WMText2ViewController.h */ = {isa = PBXFileReference; fileEncoding = 4; lastKnownFileType = sourcecode.c.h; path = WMText2ViewController.h; sourceTree = "<group>"; };
		C9DBAB8A1BDCCB0D0055FCA9 /* WMText2ViewController.m */ = {isa = PBXFileReference; fileEncoding = 4; lastKnownFileType = sourcecode.c.objc; path = WMText2ViewController.m; sourceTree = "<group>"; };
		C9DBAB8B1BDCCB0D0055FCA9 /* WMText2ViewController.xib */ = {isa = PBXFileReference; fileEncoding = 4; lastKnownFileType = file.xib; path = WMText2ViewController.xib; sourceTree = "<group>"; };
		C9DBAB941BDD0B250055FCA9 /* HWSearchBar.h */ = {isa = PBXFileReference; fileEncoding = 4; lastKnownFileType = sourcecode.c.h; path = HWSearchBar.h; sourceTree = "<group>"; };
		C9DBAB951BDD0B250055FCA9 /* HWSearchBar.m */ = {isa = PBXFileReference; fileEncoding = 4; lastKnownFileType = sourcecode.c.objc; path = HWSearchBar.m; sourceTree = "<group>"; };
		C9DBABAA1BDD1D330055FCA9 /* WMHomeViewController.storyboard */ = {isa = PBXFileReference; fileEncoding = 4; lastKnownFileType = file.storyboard; path = WMHomeViewController.storyboard; sourceTree = "<group>"; };
		C9F1F2F01BE5F889004FD37E /* WMShopIdsCell.h */ = {isa = PBXFileReference; fileEncoding = 4; lastKnownFileType = sourcecode.c.h; path = WMShopIdsCell.h; sourceTree = "<group>"; };
		C9F1F2F11BE5F889004FD37E /* WMShopIdsCell.m */ = {isa = PBXFileReference; fileEncoding = 4; lastKnownFileType = sourcecode.c.objc; path = WMShopIdsCell.m; sourceTree = "<group>"; };
		C9FDB0FE1BE1F362002560ED /* WMDealDetailViewController.h */ = {isa = PBXFileReference; fileEncoding = 4; lastKnownFileType = sourcecode.c.h; path = WMDealDetailViewController.h; sourceTree = "<group>"; };
		C9FDB0FF1BE1F362002560ED /* WMDealDetailViewController.m */ = {isa = PBXFileReference; fileEncoding = 4; lastKnownFileType = sourcecode.c.objc; path = WMDealDetailViewController.m; sourceTree = "<group>"; };
		C9FDB1011BE1F435002560ED /* WMShops.h */ = {isa = PBXFileReference; fileEncoding = 4; lastKnownFileType = sourcecode.c.h; path = WMShops.h; sourceTree = "<group>"; };
		C9FDB1021BE1F435002560ED /* WMShops.m */ = {isa = PBXFileReference; fileEncoding = 4; lastKnownFileType = sourcecode.c.objc; path = WMShops.m; sourceTree = "<group>"; };
		C9FDB1461BE26A64002560ED /* WMDealDetail.h */ = {isa = PBXFileReference; fileEncoding = 4; lastKnownFileType = sourcecode.c.h; path = WMDealDetail.h; sourceTree = "<group>"; };
		C9FDB1471BE26A64002560ED /* WMDealDetail.m */ = {isa = PBXFileReference; fileEncoding = 4; lastKnownFileType = sourcecode.c.objc; path = WMDealDetail.m; sourceTree = "<group>"; };
		C9FDB1491BE26AA4002560ED /* WMDealDetailDeal.h */ = {isa = PBXFileReference; fileEncoding = 4; lastKnownFileType = sourcecode.c.h; path = WMDealDetailDeal.h; sourceTree = "<group>"; };
		C9FDB14A1BE26AA4002560ED /* WMDealDetailDeal.m */ = {isa = PBXFileReference; fileEncoding = 4; lastKnownFileType = sourcecode.c.objc; path = WMDealDetailDeal.m; sourceTree = "<group>"; };
/* End PBXFileReference section */

/* Begin PBXFrameworksBuildPhase section */
		3C88FFBA1BDC92BC0013A231 /* Frameworks */ = {
			isa = PBXFrameworksBuildPhase;
			buildActionMask = 2147483647;
			files = (
				C9B16F461BF1031700CE7C76 /* libUMSocial_Sdk_4.3.a in Frameworks */,
			);
			runOnlyForDeploymentPostprocessing = 0;
		};
		3C88FFD31BDC92BC0013A231 /* Frameworks */ = {
			isa = PBXFrameworksBuildPhase;
			buildActionMask = 2147483647;
			files = (
			);
			runOnlyForDeploymentPostprocessing = 0;
		};
/* End PBXFrameworksBuildPhase section */

/* Begin PBXGroup section */
		3C88FFB41BDC92BC0013A231 = {
			isa = PBXGroup;
			children = (
				3C88FFBF1BDC92BC0013A231 /* 闪电外卖 */,
				3C88FFD91BDC92BC0013A231 /* 闪电外卖Tests */,
				3C88FFBE1BDC92BC0013A231 /* Products */,
			);
			sourceTree = "<group>";
		};
		3C88FFBE1BDC92BC0013A231 /* Products */ = {
			isa = PBXGroup;
			children = (
				3C88FFBD1BDC92BC0013A231 /* 闪电外卖.app */,
				3C88FFD61BDC92BC0013A231 /* 闪电外卖Tests.xctest */,
			);
			name = Products;
			sourceTree = "<group>";
		};
		3C88FFBF1BDC92BC0013A231 /* 闪电外卖 */ = {
			isa = PBXGroup;
			children = (
				C9DBAB651BDC9E2F0055FCA9 /* Main */,
				C9DBAB641BDC9E160055FCA9 /* Mine */,
				C9DBAB631BDC9DFE0055FCA9 /* Discover */,
				C9DBAB621BDC9DDD0055FCA9 /* Order */,
				C9DBAB5D1BDC9C920055FCA9 /* Home */,
				C9DBAB611BDC9DAE0055FCA9 /* Other */,
				3C88FFCD1BDC92BC0013A231 /* Images.xcassets */,
				3C88FFC01BDC92BC0013A231 /* Supporting Files */,
			);
			path = "闪电外卖";
			sourceTree = "<group>";
		};
		3C88FFC01BDC92BC0013A231 /* Supporting Files */ = {
			isa = PBXGroup;
			children = (
				3C88FFC11BDC92BC0013A231 /* Info.plist */,
				3C88FFC21BDC92BC0013A231 /* main.m */,
			);
			name = "Supporting Files";
			sourceTree = "<group>";
		};
		3C88FFD91BDC92BC0013A231 /* 闪电外卖Tests */ = {
			isa = PBXGroup;
			children = (
				3C88FFDC1BDC92BC0013A231 /* ____Tests.m */,
				3C88FFDA1BDC92BC0013A231 /* Supporting Files */,
			);
			path = "闪电外卖Tests";
			sourceTree = "<group>";
		};
		3C88FFDA1BDC92BC0013A231 /* Supporting Files */ = {
			isa = PBXGroup;
			children = (
				3C88FFDB1BDC92BC0013A231 /* Info.plist */,
			);
			name = "Supporting Files";
			sourceTree = "<group>";
		};
		C93332451BEF2ADE0066DC48 /* Controller */ = {
			isa = PBXGroup;
			children = (
				C9DBAB731BDCC38A0055FCA9 /* WMMineTableViewController.h */,
				C9DBAB741BDCC38A0055FCA9 /* WMMineTableViewController.m */,
				C93332611BEFB25B0066DC48 /* WMLoginViewController.h */,
				C93332621BEFB25B0066DC48 /* WMLoginViewController.m */,
			);
			name = Controller;
			sourceTree = "<group>";
		};
		C93332461BEF2AEC0066DC48 /* View */ = {
			isa = PBXGroup;
			children = (
				C933324A1BEF5D730066DC48 /* WMListButton.h */,
				C933324B1BEF5D730066DC48 /* WMListButton.m */,
				C93332501BEF79BF0066DC48 /* WMMineCell.h */,
				C93332511BEF79BF0066DC48 /* WMMineCell.m */,
				C93332641BEFB50C0066DC48 /* WMLoginCell.h */,
				C93332651BEFB50C0066DC48 /* WMLoginCell.m */,
			);
			name = View;
			sourceTree = "<group>";
		};
		C9358CCD1BE55E4600F660FD /* MBProgressHUD */ = {
			isa = PBXGroup;
			children = (
				C9358CCE1BE55E4600F660FD /* MBProgressHUD+MJ.h */,
				C9358CCF1BE55E4600F660FD /* MBProgressHUD+MJ.m */,
				C9358CD01BE55E4600F660FD /* MBProgressHUD.bundle */,
				C9358CD11BE55E4600F660FD /* MBProgressHUD.h */,
				C9358CD21BE55E4600F660FD /* MBProgressHUD.m */,
			);
			name = MBProgressHUD;
			path = "提示-MBProgressHUD";
			sourceTree = "<group>";
		};
		C98D3FD31BEDF48F00A136A8 /* MJRefresh */ = {
			isa = PBXGroup;
			children = (
				C98D3FD41BEDF48F00A136A8 /* MJRefresh.bundle */,
				C98D3FD51BEDF48F00A136A8 /* MJRefresh.h */,
				C98D3FD61BEDF48F00A136A8 /* MJRefreshBaseView.h */,
				C98D3FD71BEDF48F00A136A8 /* MJRefreshBaseView.m */,
				C98D3FD81BEDF48F00A136A8 /* MJRefreshConst.h */,
				C98D3FD91BEDF48F00A136A8 /* MJRefreshConst.m */,
				C98D3FDA1BEDF48F00A136A8 /* MJRefreshFooterView.h */,
				C98D3FDB1BEDF48F00A136A8 /* MJRefreshFooterView.m */,
				C98D3FDC1BEDF48F00A136A8 /* MJRefreshHeaderView.h */,
				C98D3FDD1BEDF48F00A136A8 /* MJRefreshHeaderView.m */,
				C98D3FDE1BEDF48F00A136A8 /* UIScrollView+MJExtension.h */,
				C98D3FDF1BEDF48F00A136A8 /* UIScrollView+MJExtension.m */,
				C98D3FE01BEDF48F00A136A8 /* UIScrollView+MJRefresh.h */,
				C98D3FE11BEDF48F00A136A8 /* UIScrollView+MJRefresh.m */,
				C98D3FE21BEDF48F00A136A8 /* UIView+MJExtension.h */,
				C98D3FE31BEDF48F00A136A8 /* UIView+MJExtension.m */,
			);
			name = MJRefresh;
			path = "刷新-MJRefresh";
			sourceTree = "<group>";
		};
		C99B128F1BDF443C0064616B /* Model */ = {
			isa = PBXGroup;
			children = (
				C99B12D81BDF672F0064616B /* WMShopData.h */,
				C99B12D91BDF672F0064616B /* WMShopData.m */,
				C99B12DB1BDF67400064616B /* WMData.h */,
				C99B12DC1BDF67400064616B /* WMData.m */,
				C99B12DE1BDF6AEA0064616B /* WMDetail.h */,
				C99B12DF1BDF6AEA0064616B /* WMDetail.m */,
				C9FDB1011BE1F435002560ED /* WMShops.h */,
				C9FDB1021BE1F435002560ED /* WMShops.m */,
				C99B12E11BDFBA0F0064616B /* WMShopFrame.h */,
				C99B12E21BDFBA0F0064616B /* WMShopFrame.m */,
				C9FDB1461BE26A64002560ED /* WMDealDetail.h */,
				C9FDB1471BE26A64002560ED /* WMDealDetail.m */,
				C9FDB1491BE26AA4002560ED /* WMDealDetailDeal.h */,
				C9FDB14A1BE26AA4002560ED /* WMDealDetailDeal.m */,
				C9358CB81BE4A1F400F660FD /* WMPriceFrame.h */,
				C9358CB91BE4A1F400F660FD /* WMPriceFrame.m */,
				C9358CC11BE4EAC200F660FD /* WMAddress.h */,
				C9358CC21BE4EAC200F660FD /* WMAddress.m */,
				C9358CC41BE4EADD00F660FD /* WMShop.h */,
				C9358CC51BE4EADD00F660FD /* WMShop.m */,
				C9358CC71BE4EF7600F660FD /* WMAddressFrame.h */,
				C9358CC81BE4EF7600F660FD /* WMAddressFrame.m */,
			);
			name = Model;
			sourceTree = "<group>";
		};
		C99B12931BDF515F0064616B /* MJExtension */ = {
			isa = PBXGroup;
			children = (
				C99B12941BDF515F0064616B /* MJArgument.h */,
				C99B12951BDF515F0064616B /* MJArgument.m */,
				C99B12961BDF515F0064616B /* MJConst.h */,
				C99B12971BDF515F0064616B /* MJConst.m */,
				C99B12981BDF515F0064616B /* MJExtension.h */,
				C99B12991BDF515F0064616B /* MJFoundation.h */,
				C99B129A1BDF515F0064616B /* MJFoundation.m */,
				C99B129B1BDF515F0064616B /* MJIvar.h */,
				C99B129C1BDF515F0064616B /* MJIvar.m */,
				C99B129D1BDF515F0064616B /* MJMember.h */,
				C99B129E1BDF515F0064616B /* MJMember.m */,
				C99B129F1BDF515F0064616B /* MJMethod.h */,
				C99B12A01BDF515F0064616B /* MJMethod.m */,
				C99B12A11BDF515F0064616B /* MJType.h */,
				C99B12A21BDF515F0064616B /* MJType.m */,
				C99B12A31BDF515F0064616B /* MJTypeEncoding.h */,
				C99B12A41BDF515F0064616B /* MJTypeEncoding.m */,
				C99B12A51BDF515F0064616B /* NSObject+MJCoding.h */,
				C99B12A61BDF515F0064616B /* NSObject+MJCoding.m */,
				C99B12A71BDF515F0064616B /* NSObject+MJKeyValue.h */,
				C99B12A81BDF515F0064616B /* NSObject+MJKeyValue.m */,
				C99B12A91BDF515F0064616B /* NSObject+MJMember.h */,
				C99B12AA1BDF515F0064616B /* NSObject+MJMember.m */,
			);
			name = MJExtension;
			path = "转模型-MJExtension";
			sourceTree = "<group>";
		};
		C99B12B61BDF62C10064616B /* AFNetworking */ = {
			isa = PBXGroup;
			children = (
				C99B12B71BDF62C10064616B /* AFHTTPRequestOperation.h */,
				C99B12B81BDF62C10064616B /* AFHTTPRequestOperation.m */,
				C99B12B91BDF62C10064616B /* AFHTTPRequestOperationManager.h */,
				C99B12BA1BDF62C10064616B /* AFHTTPRequestOperationManager.m */,
				C99B12BB1BDF62C10064616B /* AFHTTPSessionManager.h */,
				C99B12BC1BDF62C10064616B /* AFHTTPSessionManager.m */,
				C99B12BD1BDF62C10064616B /* AFNetworking.h */,
				C99B12BE1BDF62C10064616B /* AFNetworkReachabilityManager.h */,
				C99B12BF1BDF62C10064616B /* AFNetworkReachabilityManager.m */,
				C99B12C01BDF62C10064616B /* AFSecurityPolicy.h */,
				C99B12C11BDF62C10064616B /* AFSecurityPolicy.m */,
				C99B12C21BDF62C10064616B /* AFURLConnectionOperation.h */,
				C99B12C31BDF62C10064616B /* AFURLConnectionOperation.m */,
				C99B12C41BDF62C10064616B /* AFURLRequestSerialization.h */,
				C99B12C51BDF62C10064616B /* AFURLRequestSerialization.m */,
				C99B12C61BDF62C10064616B /* AFURLResponseSerialization.h */,
				C99B12C71BDF62C10064616B /* AFURLResponseSerialization.m */,
				C99B12C81BDF62C10064616B /* AFURLSessionManager.h */,
				C99B12C91BDF62C10064616B /* AFURLSessionManager.m */,
				C99B12CA1BDF62C10064616B /* Foundation+Log.m */,
			);
			name = AFNetworking;
			path = "网络请求-AFNetworking";
			sourceTree = "<group>";
		};
		C99B12E71BDFCB930064616B /* SDWebImage */ = {
			isa = PBXGroup;
			children = (
				C99B12E81BDFCB930064616B /* MKAnnotationView+WebCache.h */,
				C99B12E91BDFCB930064616B /* MKAnnotationView+WebCache.m */,
				C99B12EA1BDFCB930064616B /* NSData+ImageContentType.h */,
				C99B12EB1BDFCB930064616B /* NSData+ImageContentType.m */,
				C99B12EC1BDFCB930064616B /* SDImageCache.h */,
				C99B12ED1BDFCB930064616B /* SDImageCache.m */,
				C99B12EE1BDFCB930064616B /* SDWebImageCompat.h */,
				C99B12EF1BDFCB930064616B /* SDWebImageCompat.m */,
				C99B12F01BDFCB930064616B /* SDWebImageDecoder.h */,
				C99B12F11BDFCB930064616B /* SDWebImageDecoder.m */,
				C99B12F21BDFCB930064616B /* SDWebImageDownloader.h */,
				C99B12F31BDFCB930064616B /* SDWebImageDownloader.m */,
				C99B12F41BDFCB930064616B /* SDWebImageDownloaderOperation.h */,
				C99B12F51BDFCB930064616B /* SDWebImageDownloaderOperation.m */,
				C99B12F61BDFCB930064616B /* SDWebImageManager.h */,
				C99B12F71BDFCB930064616B /* SDWebImageManager.m */,
				C99B12F81BDFCB930064616B /* SDWebImageOperation.h */,
				C99B12F91BDFCB930064616B /* SDWebImagePrefetcher.h */,
				C99B12FA1BDFCB930064616B /* SDWebImagePrefetcher.m */,
				C99B12FB1BDFCB930064616B /* UIButton+WebCache.h */,
				C99B12FC1BDFCB930064616B /* UIButton+WebCache.m */,
				C99B12FD1BDFCB930064616B /* UIImage+GIF.h */,
				C99B12FE1BDFCB930064616B /* UIImage+GIF.m */,
				C99B12FF1BDFCB930064616B /* UIImage+MultiFormat.h */,
				C99B13001BDFCB930064616B /* UIImage+MultiFormat.m */,
				C99B13011BDFCB930064616B /* UIImage+WebP.h */,
				C99B13021BDFCB930064616B /* UIImage+WebP.m */,
				C99B13031BDFCB930064616B /* UIImageView+HighlightedWebCache.h */,
				C99B13041BDFCB930064616B /* UIImageView+HighlightedWebCache.m */,
				C99B13051BDFCB930064616B /* UIImageView+WebCache.h */,
				C99B13061BDFCB930064616B /* UIImageView+WebCache.m */,
				C99B13071BDFCB930064616B /* UIView+WebCacheOperation.h */,
				C99B13081BDFCB930064616B /* UIView+WebCacheOperation.m */,
			);
			path = SDWebImage;
			sourceTree = "<group>";
		};
		C9B16F291BF1031700CE7C76 /* youmeng */ = {
			isa = PBXGroup;
			children = (
				C9B16F2A1BF1031700CE7C76 /* UMSocial_Sdk_4.3 */,
			);
			name = youmeng;
			path = umeng_ios_social_sdk_4.3_arm64_custom;
			sourceTree = "<group>";
		};
		C9B16F2A1BF1031700CE7C76 /* UMSocial_Sdk_4.3 */ = {
			isa = PBXGroup;
			children = (
				C9B16F2B1BF1031700CE7C76 /* UMSocialLocalizable.strings */,
				C9B16F2D1BF1031700CE7C76 /* Header */,
				C9B16F391BF1031700CE7C76 /* libUMSocial_Sdk_4.3.a */,
				C9B16F3A1BF1031700CE7C76 /* SocialSDKXib */,
				C9B16F431BF1031700CE7C76 /* UMSocialSDKResourcesNew.bundle */,
			);
			path = UMSocial_Sdk_4.3;
			sourceTree = "<group>";
		};
		C9B16F2D1BF1031700CE7C76 /* Header */ = {
			isa = PBXGroup;
			children = (
				C9B16F2E1BF1031700CE7C76 /* UMSocial.h */,
				C9B16F2F1BF1031700CE7C76 /* UMSocialAccountManager.h */,
				C9B16F301BF1031700CE7C76 /* UMSocialBar.h */,
				C9B16F311BF1031700CE7C76 /* UMSocialConfig.h */,
				C9B16F321BF1031700CE7C76 /* UMSocialControllerService.h */,
				C9B16F331BF1031700CE7C76 /* UMSocialControllerServiceComment.h */,
				C9B16F341BF1031700CE7C76 /* UMSocialData.h */,
				C9B16F351BF1031700CE7C76 /* UMSocialDataService.h */,
				C9B16F361BF1031700CE7C76 /* UMSocialSnsData.h */,
				C9B16F371BF1031700CE7C76 /* UMSocialSnsPlatformManager.h */,
				C9B16F381BF1031700CE7C76 /* UMSocialSnsService.h */,
			);
			path = Header;
			sourceTree = "<group>";
		};
		C9B16F3A1BF1031700CE7C76 /* SocialSDKXib */ = {
			isa = PBXGroup;
			children = (
				C9B16F3B1BF1031700CE7C76 /* UMSCommentDetailController.xib */,
				C9B16F3C1BF1031700CE7C76 /* UMSCommentInputController.xib */,
				C9B16F3D1BF1031700CE7C76 /* UMSCommentInputControlleriPad.xib */,
				C9B16F3E1BF1031700CE7C76 /* UMShareEditViewController.xib */,
				C9B16F3F1BF1031700CE7C76 /* UMShareEditViewControlleriPad.xib */,
				C9B16F401BF1031700CE7C76 /* UMSLoginViewController.xib */,
				C9B16F411BF1031700CE7C76 /* UMSnsAccountViewController.xib */,
				C9B16F421BF1031700CE7C76 /* UMSShareListController.xib */,
			);
			path = SocialSDKXib;
			sourceTree = "<group>";
		};
		C9C48C381BDE2BE8009650B6 /* SDCycleScrollView */ = {
			isa = PBXGroup;
			children = (
				C9C48C391BDE2BE8009650B6 /* PageControl */,
				C9C48C421BDE2BE8009650B6 /* SDCollectionViewCell.h */,
				C9C48C431BDE2BE8009650B6 /* SDCollectionViewCell.m */,
				C9C48C441BDE2BE8009650B6 /* SDCycleScrollView.h */,
				C9C48C451BDE2BE8009650B6 /* SDCycleScrollView.m */,
				C9C48C461BDE2BE8009650B6 /* UIView+SDExtension.h */,
				C9C48C471BDE2BE8009650B6 /* UIView+SDExtension.m */,
			);
			path = SDCycleScrollView;
			sourceTree = "<group>";
		};
		C9C48C391BDE2BE8009650B6 /* PageControl */ = {
			isa = PBXGroup;
			children = (
				C9C48C3A1BDE2BE8009650B6 /* TAAbstractDotView.h */,
				C9C48C3B1BDE2BE8009650B6 /* TAAbstractDotView.m */,
				C9C48C3C1BDE2BE8009650B6 /* TAAnimatedDotView.h */,
				C9C48C3D1BDE2BE8009650B6 /* TAAnimatedDotView.m */,
				C9C48C3E1BDE2BE8009650B6 /* TADotView.h */,
				C9C48C3F1BDE2BE8009650B6 /* TADotView.m */,
				C9C48C401BDE2BE8009650B6 /* TAPageControl.h */,
				C9C48C411BDE2BE8009650B6 /* TAPageControl.m */,
			);
			path = PageControl;
			sourceTree = "<group>";
		};
		C9DBAB5D1BDC9C920055FCA9 /* Home */ = {
			isa = PBXGroup;
			children = (
				C99B128F1BDF443C0064616B /* Model */,
				C9DBAB9F1BDD123D0055FCA9 /* Controller */,
				C9DBAB9E1BDD12310055FCA9 /* View */,
			);
			name = Home;
			sourceTree = "<group>";
		};
		C9DBAB611BDC9DAE0055FCA9 /* Other */ = {
			isa = PBXGroup;
			children = (
				3C88FFC41BDC92BC0013A231 /* AppDelegate.h */,
				3C88FFC51BDC92BC0013A231 /* AppDelegate.m */,
				3C88FFCA1BDC92BC0013A231 /* Main.storyboard */,
				3C88FFCF1BDC92BC0013A231 /* LaunchScreen.xib */,
			);
			name = Other;
			sourceTree = "<group>";
		};
		C9DBAB621BDC9DDD0055FCA9 /* Order */ = {
			isa = PBXGroup;
			children = (
				C9DBAB791BDCC3DA0055FCA9 /* WMOrderViewController.h */,
				C9DBAB7A1BDCC3DA0055FCA9 /* WMOrderViewController.m */,
			);
			name = Order;
			sourceTree = "<group>";
		};
		C9DBAB631BDC9DFE0055FCA9 /* Discover */ = {
			isa = PBXGroup;
			children = (
				C9DBAB761BDCC39B0055FCA9 /* WMDiscoverViewController.h */,
				C9DBAB771BDCC39B0055FCA9 /* WMDiscoverViewController.m */,
				C9DBAB841BDCCAFA0055FCA9 /* WMText1ViewController.h */,
				C9DBAB851BDCCAFA0055FCA9 /* WMText1ViewController.m */,
				C9DBAB861BDCCAFA0055FCA9 /* WMText1ViewController.xib */,
				C9DBAB891BDCCB0D0055FCA9 /* WMText2ViewController.h */,
				C9DBAB8A1BDCCB0D0055FCA9 /* WMText2ViewController.m */,
				C9DBAB8B1BDCCB0D0055FCA9 /* WMText2ViewController.xib */,
			);
			name = Discover;
			sourceTree = "<group>";
		};
		C9DBAB641BDC9E160055FCA9 /* Mine */ = {
			isa = PBXGroup;
			children = (
				C93332461BEF2AEC0066DC48 /* View */,
				C93332451BEF2ADE0066DC48 /* Controller */,
			);
			name = Mine;
			sourceTree = "<group>";
		};
		C9DBAB651BDC9E2F0055FCA9 /* Main */ = {
			isa = PBXGroup;
			children = (
				C9DBAB931BDD0B180055FCA9 /* View */,
				C9DBAB921BDCCD7D0055FCA9 /* Lib */,
				C9DBAB7D1BDCCA200055FCA9 /* Category */,
				C9DBAB7C1BDCCA120055FCA9 /* Controller */,
			);
			name = Main;
			sourceTree = "<group>";
		};
		C9DBAB7C1BDCCA120055FCA9 /* Controller */ = {
			isa = PBXGroup;
			children = (
				C9DBAB6D1BDCC34D0055FCA9 /* WMTabBarViewController.h */,
				C9DBAB6E1BDCC34D0055FCA9 /* WMTabBarViewController.m */,
				C9DBAB701BDCC3680055FCA9 /* WMNavigationViewController.h */,
				C9DBAB711BDCC3680055FCA9 /* WMNavigationViewController.m */,
			);
			name = Controller;
			sourceTree = "<group>";
		};
		C9DBAB7D1BDCCA200055FCA9 /* Category */ = {
			isa = PBXGroup;
			children = (
				C9D9C2091BECB3E1003A918F /* UIColor+ZBRandomColor.h */,
				C9D9C20A1BECB3E1003A918F /* UIColor+ZBRandomColor.m */,
				C99B131C1BDFDD820064616B /* NSString+Extension.h */,
				C99B131D1BDFDD820064616B /* NSString+Extension.m */,
				C9DBAB7E1BDCCA410055FCA9 /* UIBarButtonItem+Extension.h */,
				C9DBAB7F1BDCCA410055FCA9 /* UIBarButtonItem+Extension.m */,
				C9DBAB801BDCCA410055FCA9 /* UIView+Extension.h */,
				C9DBAB811BDCCA410055FCA9 /* UIView+Extension.m */,
			);
			name = Category;
			sourceTree = "<group>";
		};
		C9DBAB921BDCCD7D0055FCA9 /* Lib */ = {
			isa = PBXGroup;
			children = (
				C9B16F291BF1031700CE7C76 /* youmeng */,
				C98D3FD31BEDF48F00A136A8 /* MJRefresh */,
				C9358CCD1BE55E4600F660FD /* MBProgressHUD */,
				C99B12E71BDFCB930064616B /* SDWebImage */,
				C99B12B61BDF62C10064616B /* AFNetworking */,
				C99B12931BDF515F0064616B /* MJExtension */,
				C9C48C381BDE2BE8009650B6 /* SDCycleScrollView */,
			);
			name = Lib;
			sourceTree = "<group>";
		};
		C9DBAB931BDD0B180055FCA9 /* View */ = {
			isa = PBXGroup;
			children = (
				C9DBAB941BDD0B250055FCA9 /* HWSearchBar.h */,
				C9DBAB951BDD0B250055FCA9 /* HWSearchBar.m */,
			);
			name = View;
			sourceTree = "<group>";
		};
		C9DBAB9E1BDD12310055FCA9 /* View */ = {
			isa = PBXGroup;
			children = (
				C9C48C591BDE410B009650B6 /* WMHomeView.h */,
				C9C48C5A1BDE410B009650B6 /* WMHomeView.m */,
				C99B128C1BDF42DD0064616B /* WMHomeCell.h */,
				C99B128D1BDF42DD0064616B /* WMHomeCell.m */,
				C9358CB51BE49B7C00F660FD /* WMDealPriceCell.h */,
				C9358CB61BE49B7C00F660FD /* WMDealPriceCell.m */,
				C9358CBE1BE4D51900F660FD /* WMAppointmentCell.h */,
				C9358CBF1BE4D51900F660FD /* WMAppointmentCell.m */,
				C9358CCA1BE4EF9400F660FD /* WMAddressCell.h */,
				C9358CCB1BE4EF9400F660FD /* WMAddressCell.m */,
				C9F1F2F01BE5F889004FD37E /* WMShopIdsCell.h */,
				C9F1F2F11BE5F889004FD37E /* WMShopIdsCell.m */,
				C91F119A1BE7FF820060AAC6 /* WMBuyContentsCell.h */,
				C91F119B1BE7FF820060AAC6 /* WMBuyContentsCell.m */,
				C99C969E1BE89395004802F9 /* WMConsumerTipsCell.h */,
				C99C969F1BE89395004802F9 /* WMConsumerTipsCell.m */,
				C9D9C2031BEC9DF6003A918F /* WMRecommendCell.h */,
				C9D9C2041BEC9DF6003A918F /* WMRecommendCell.m */,
			);
			name = View;
			sourceTree = "<group>";
		};
		C9DBAB9F1BDD123D0055FCA9 /* Controller */ = {
			isa = PBXGroup;
			children = (
				C9DBAB5E1BDC9D6A0055FCA9 /* WMHomeViewController.h */,
				C9DBAB5F1BDC9D6A0055FCA9 /* WMHomeViewController.m */,
				C9DBABAA1BDD1D330055FCA9 /* WMHomeViewController.storyboard */,
				C9FDB0FE1BE1F362002560ED /* WMDealDetailViewController.h */,
				C9FDB0FF1BE1F362002560ED /* WMDealDetailViewController.m */,
				C91F11951BE7E00B0060AAC6 /* WMBuyDetailsController.h */,
				C91F11961BE7E00B0060AAC6 /* WMBuyDetailsController.m */,
				C94C59401BEBE124003F2120 /* WMShoppingCartViewController.h */,
				C94C59411BEBE124003F2120 /* WMShoppingCartViewController.m */,
			);
			name = Controller;
			sourceTree = "<group>";
		};
/* End PBXGroup section */

/* Begin PBXNativeTarget section */
		3C88FFBC1BDC92BC0013A231 /* 闪电外卖 */ = {
			isa = PBXNativeTarget;
			buildConfigurationList = 3C88FFE01BDC92BC0013A231 /* Build configuration list for PBXNativeTarget "闪电外卖" */;
			buildPhases = (
				3C88FFB91BDC92BC0013A231 /* Sources */,
				3C88FFBA1BDC92BC0013A231 /* Frameworks */,
				3C88FFBB1BDC92BC0013A231 /* Resources */,
			);
			buildRules = (
			);
			dependencies = (
			);
			name = "闪电外卖";
			productName = "闪电外卖";
			productReference = 3C88FFBD1BDC92BC0013A231 /* 闪电外卖.app */;
			productType = "com.apple.product-type.application";
		};
		3C88FFD51BDC92BC0013A231 /* 闪电外卖Tests */ = {
			isa = PBXNativeTarget;
			buildConfigurationList = 3C88FFE31BDC92BC0013A231 /* Build configuration list for PBXNativeTarget "闪电外卖Tests" */;
			buildPhases = (
				3C88FFD21BDC92BC0013A231 /* Sources */,
				3C88FFD31BDC92BC0013A231 /* Frameworks */,
				3C88FFD41BDC92BC0013A231 /* Resources */,
			);
			buildRules = (
			);
			dependencies = (
				3C88FFD81BDC92BC0013A231 /* PBXTargetDependency */,
			);
			name = "闪电外卖Tests";
			productName = "闪电外卖Tests";
			productReference = 3C88FFD61BDC92BC0013A231 /* 闪电外卖Tests.xctest */;
			productType = "com.apple.product-type.bundle.unit-test";
		};
/* End PBXNativeTarget section */

/* Begin PBXProject section */
		3C88FFB51BDC92BC0013A231 /* Project object */ = {
			isa = PBXProject;
			attributes = {
				CLASSPREFIX = WM;
				LastUpgradeCheck = 0640;
				ORGANIZATIONNAME = WM;
				TargetAttributes = {
					3C88FFBC1BDC92BC0013A231 = {
						CreatedOnToolsVersion = 6.4;
					};
					3C88FFD51BDC92BC0013A231 = {
						CreatedOnToolsVersion = 6.4;
						TestTargetID = 3C88FFBC1BDC92BC0013A231;
					};
				};
			};
			buildConfigurationList = 3C88FFB81BDC92BC0013A231 /* Build configuration list for PBXProject "闪电外卖" */;
			compatibilityVersion = "Xcode 3.2";
			developmentRegion = English;
			hasScannedForEncodings = 0;
			knownRegions = (
				en,
				Base,
				"zh-Hans",
			);
			mainGroup = 3C88FFB41BDC92BC0013A231;
			productRefGroup = 3C88FFBE1BDC92BC0013A231 /* Products */;
			projectDirPath = "";
			projectRoot = "";
			targets = (
				3C88FFBC1BDC92BC0013A231 /* 闪电外卖 */,
				3C88FFD51BDC92BC0013A231 /* 闪电外卖Tests */,
			);
		};
/* End PBXProject section */

/* Begin PBXResourcesBuildPhase section */
		3C88FFBB1BDC92BC0013A231 /* Resources */ = {
			isa = PBXResourcesBuildPhase;
			buildActionMask = 2147483647;
			files = (
				C9B16F491BF1031700CE7C76 /* UMSCommentInputControlleriPad.xib in Resources */,
				C9B16F4D1BF1031700CE7C76 /* UMSnsAccountViewController.xib in Resources */,
				C9DBABAB1BDD1D330055FCA9 /* WMHomeViewController.storyboard in Resources */,
				C9DBAB8D1BDCCB0D0055FCA9 /* WMText2ViewController.xib in Resources */,
				3C88FFCC1BDC92BC0013A231 /* Main.storyboard in Resources */,
				3C88FFD11BDC92BC0013A231 /* LaunchScreen.xib in Resources */,
				3C88FFCE1BDC92BC0013A231 /* Images.xcassets in Resources */,
				C9B16F4B1BF1031700CE7C76 /* UMShareEditViewControlleriPad.xib in Resources */,
				C9B16F4E1BF1031700CE7C76 /* UMSShareListController.xib in Resources */,
				C9B16F451BF1031700CE7C76 /* UMSocialLocalizable.strings in Resources */,
				C9B16F471BF1031700CE7C76 /* UMSCommentDetailController.xib in Resources */,
				C9B16F481BF1031700CE7C76 /* UMSCommentInputController.xib in Resources */,
				C9B16F4F1BF1031700CE7C76 /* UMSocialSDKResourcesNew.bundle in Resources */,
				C9DBAB881BDCCAFA0055FCA9 /* WMText1ViewController.xib in Resources */,
				C98D3FE41BEDF48F00A136A8 /* MJRefresh.bundle in Resources */,
				C9B16F4A1BF1031700CE7C76 /* UMShareEditViewController.xib in Resources */,
				C9358CD41BE55E4600F660FD /* MBProgressHUD.bundle in Resources */,
				C9B16F4C1BF1031700CE7C76 /* UMSLoginViewController.xib in Resources */,
			);
			runOnlyForDeploymentPostprocessing = 0;
		};
		3C88FFD41BDC92BC0013A231 /* Resources */ = {
			isa = PBXResourcesBuildPhase;
			buildActionMask = 2147483647;
			files = (
			);
			runOnlyForDeploymentPostprocessing = 0;
		};
/* End PBXResourcesBuildPhase section */

/* Begin PBXSourcesBuildPhase section */
		3C88FFB91BDC92BC0013A231 /* Sources */ = {
			isa = PBXSourcesBuildPhase;
			buildActionMask = 2147483647;
			files = (
				C98D3FE71BEDF48F00A136A8 /* MJRefreshFooterView.m in Sources */,
				C99B12CB1BDF62C10064616B /* AFHTTPRequestOperation.m in Sources */,
				C99B12E01BDF6AEA0064616B /* WMDetail.m in Sources */,
				C98D3FEB1BEDF48F00A136A8 /* UIView+MJExtension.m in Sources */,
				C9DBAB8C1BDCCB0D0055FCA9 /* WMText2ViewController.m in Sources */,
				C99B13111BDFCB930064616B /* SDWebImagePrefetcher.m in Sources */,
				C99B12D01BDF62C10064616B /* AFURLConnectionOperation.m in Sources */,
				C9DBAB831BDCCA410055FCA9 /* UIView+Extension.m in Sources */,
				C9FDB1481BE26A64002560ED /* WMDealDetail.m in Sources */,
				C99B12B11BDF515F0064616B /* MJType.m in Sources */,
				C9DBAB751BDCC38A0055FCA9 /* WMMineTableViewController.m in Sources */,
				C9358CC91BE4EF7600F660FD /* WMAddressFrame.m in Sources */,
				C9358CC01BE4D51900F660FD /* WMAppointmentCell.m in Sources */,
				C9DBAB7B1BDCC3DA0055FCA9 /* WMOrderViewController.m in Sources */,
				C9C48C491BDE2BE8009650B6 /* TAAnimatedDotView.m in Sources */,
				3C88FFC61BDC92BC0013A231 /* AppDelegate.m in Sources */,
				C9C48C4B1BDE2BE8009650B6 /* TAPageControl.m in Sources */,
				C99B12AE1BDF515F0064616B /* MJIvar.m in Sources */,
				C99B12E31BDFBA0F0064616B /* WMShopFrame.m in Sources */,
				C99B130E1BDFCB930064616B /* SDWebImageDownloader.m in Sources */,
				C933324C1BEF5D730066DC48 /* WMListButton.m in Sources */,
				C99B13101BDFCB930064616B /* SDWebImageManager.m in Sources */,
				C98D3FE61BEDF48F00A136A8 /* MJRefreshConst.m in Sources */,
				C99B12AF1BDF515F0064616B /* MJMember.m in Sources */,
				C93332631BEFB25B0066DC48 /* WMLoginViewController.m in Sources */,
				C99C96A01BE89395004802F9 /* WMConsumerTipsCell.m in Sources */,
				C99B13131BDFCB930064616B /* UIImage+GIF.m in Sources */,
				C9DBAB961BDD0B250055FCA9 /* HWSearchBar.m in Sources */,
				C9DBAB871BDCCAFA0055FCA9 /* WMText1ViewController.m in Sources */,
				C99B13121BDFCB930064616B /* UIButton+WebCache.m in Sources */,
				C99B130F1BDFCB930064616B /* SDWebImageDownloaderOperation.m in Sources */,
				C99B12D11BDF62C10064616B /* AFURLRequestSerialization.m in Sources */,
				C99B12DD1BDF67400064616B /* WMData.m in Sources */,
				C99B12AB1BDF515F0064616B /* MJArgument.m in Sources */,
				C93332661BEFB50C0066DC48 /* WMLoginCell.m in Sources */,
				C93332521BEF79BF0066DC48 /* WMMineCell.m in Sources */,
				C99B12AC1BDF515F0064616B /* MJConst.m in Sources */,
				C99B13181BDFCB930064616B /* UIView+WebCacheOperation.m in Sources */,
				C99B12CD1BDF62C10064616B /* AFHTTPSessionManager.m in Sources */,
				C9FDB14B1BE26AA4002560ED /* WMDealDetailDeal.m in Sources */,
				C91F11981BE7E00B0060AAC6 /* WMBuyDetailsController.m in Sources */,
				C9DBAB781BDCC39B0055FCA9 /* WMDiscoverViewController.m in Sources */,
				C99B130B1BDFCB930064616B /* SDImageCache.m in Sources */,
				C99B13091BDFCB930064616B /* MKAnnotationView+WebCache.m in Sources */,
				C9D9C2051BEC9DF6003A918F /* WMRecommendCell.m in Sources */,
				C9358CBA1BE4A1F400F660FD /* WMPriceFrame.m in Sources */,
				C9DBAB601BDC9D6A0055FCA9 /* WMHomeViewController.m in Sources */,
				C94C59421BEBE124003F2120 /* WMShoppingCartViewController.m in Sources */,
				C99B12B51BDF515F0064616B /* NSObject+MJMember.m in Sources */,
				C9F1F2F21BE5F889004FD37E /* WMShopIdsCell.m in Sources */,
				C99B12CF1BDF62C10064616B /* AFSecurityPolicy.m in Sources */,
				C99B12CC1BDF62C10064616B /* AFHTTPRequestOperationManager.m in Sources */,
				C9C48C4A1BDE2BE8009650B6 /* TADotView.m in Sources */,
				C9C48C481BDE2BE8009650B6 /* TAAbstractDotView.m in Sources */,
				C99B12B31BDF515F0064616B /* NSObject+MJCoding.m in Sources */,
				C9358CC31BE4EAC200F660FD /* WMAddress.m in Sources */,
				C9C48C4C1BDE2BE8009650B6 /* SDCollectionViewCell.m in Sources */,
				C99B130D1BDFCB930064616B /* SDWebImageDecoder.m in Sources */,
				C98D3FE91BEDF48F00A136A8 /* UIScrollView+MJExtension.m in Sources */,
				C99B12B01BDF515F0064616B /* MJMethod.m in Sources */,
				C99B13171BDFCB930064616B /* UIImageView+WebCache.m in Sources */,
				C99B12AD1BDF515F0064616B /* MJFoundation.m in Sources */,
				C9C48C4E1BDE2BE8009650B6 /* UIView+SDExtension.m in Sources */,
				C99B12D41BDF62C10064616B /* Foundation+Log.m in Sources */,
				C98D3FEA1BEDF48F00A136A8 /* UIScrollView+MJRefresh.m in Sources */,
				C99B13151BDFCB930064616B /* UIImage+WebP.m in Sources */,
				C99B128E1BDF42DD0064616B /* WMHomeCell.m in Sources */,
				C9D9C20B1BECB3E1003A918F /* UIColor+ZBRandomColor.m in Sources */,
				C9358CC61BE4EADD00F660FD /* WMShop.m in Sources */,
				C99B131E1BDFDD820064616B /* NSString+Extension.m in Sources */,
				C9358CCC1BE4EF9400F660FD /* WMAddressCell.m in Sources */,
				C9FDB1001BE1F362002560ED /* WMDealDetailViewController.m in Sources */,
				C99B12D31BDF62C10064616B /* AFURLSessionManager.m in Sources */,
				C99B12CE1BDF62C10064616B /* AFNetworkReachabilityManager.m in Sources */,
				C9358CD31BE55E4600F660FD /* MBProgressHUD+MJ.m in Sources */,
				C9358CD51BE55E4600F660FD /* MBProgressHUD.m in Sources */,
				C99B12B41BDF515F0064616B /* NSObject+MJKeyValue.m in Sources */,
				C9DBAB6F1BDCC34D0055FCA9 /* WMTabBarViewController.m in Sources */,
				C9DBAB821BDCCA410055FCA9 /* UIBarButtonItem+Extension.m in Sources */,
				C99B130A1BDFCB930064616B /* NSData+ImageContentType.m in Sources */,
				C9FDB1031BE1F435002560ED /* WMShops.m in Sources */,
				C99B13141BDFCB930064616B /* UIImage+MultiFormat.m in Sources */,
				C98D3FE51BEDF48F00A136A8 /* MJRefreshBaseView.m in Sources */,
				C99B13161BDFCB930064616B /* UIImageView+HighlightedWebCache.m in Sources */,
				C99B12DA1BDF672F0064616B /* WMShopData.m in Sources */,
				C9C48C5B1BDE410B009650B6 /* WMHomeView.m in Sources */,
				C9C48C4D1BDE2BE8009650B6 /* SDCycleScrollView.m in Sources */,
				C99B12B21BDF515F0064616B /* MJTypeEncoding.m in Sources */,
				C9358CB71BE49B7C00F660FD /* WMDealPriceCell.m in Sources */,
				C9DBAB721BDCC3680055FCA9 /* WMNavigationViewController.m in Sources */,
				C98D3FE81BEDF48F00A136A8 /* MJRefreshHeaderView.m in Sources */,
				C99B12D21BDF62C10064616B /* AFURLResponseSerialization.m in Sources */,
				C91F119C1BE7FF820060AAC6 /* WMBuyContentsCell.m in Sources */,
				3C88FFC31BDC92BC0013A231 /* main.m in Sources */,
				C99B130C1BDFCB930064616B /* SDWebImageCompat.m in Sources */,
			);
			runOnlyForDeploymentPostprocessing = 0;
		};
		3C88FFD21BDC92BC0013A231 /* Sources */ = {
			isa = PBXSourcesBuildPhase;
			buildActionMask = 2147483647;
			files = (
				3C88FFDD1BDC92BC0013A231 /* ____Tests.m in Sources */,
			);
			runOnlyForDeploymentPostprocessing = 0;
		};
/* End PBXSourcesBuildPhase section */

/* Begin PBXTargetDependency section */
		3C88FFD81BDC92BC0013A231 /* PBXTargetDependency */ = {
			isa = PBXTargetDependency;
			target = 3C88FFBC1BDC92BC0013A231 /* 闪电外卖 */;
			targetProxy = 3C88FFD71BDC92BC0013A231 /* PBXContainerItemProxy */;
		};
/* End PBXTargetDependency section */

/* Begin PBXVariantGroup section */
		3C88FFCA1BDC92BC0013A231 /* Main.storyboard */ = {
			isa = PBXVariantGroup;
			children = (
				3C88FFCB1BDC92BC0013A231 /* Base */,
			);
			name = Main.storyboard;
			sourceTree = "<group>";
		};
		3C88FFCF1BDC92BC0013A231 /* LaunchScreen.xib */ = {
			isa = PBXVariantGroup;
			children = (
				3C88FFD01BDC92BC0013A231 /* Base */,
			);
			name = LaunchScreen.xib;
			sourceTree = "<group>";
		};
		C9B16F2B1BF1031700CE7C76 /* UMSocialLocalizable.strings */ = {
			isa = PBXVariantGroup;
			children = (
				C9B16F2C1BF1031700CE7C76 /* en */,
				C9B16F441BF1031700CE7C76 /* zh-Hans */,
			);
			name = UMSocialLocalizable.strings;
			sourceTree = "<group>";
		};
/* End PBXVariantGroup section */

/* Begin XCBuildConfiguration section */
		3C88FFDE1BDC92BC0013A231 /* Debug */ = {
			isa = XCBuildConfiguration;
			buildSettings = {
				ALWAYS_SEARCH_USER_PATHS = NO;
				CLANG_CXX_LANGUAGE_STANDARD = "gnu++0x";
				CLANG_CXX_LIBRARY = "libc++";
				CLANG_ENABLE_MODULES = YES;
				CLANG_ENABLE_OBJC_ARC = YES;
				CLANG_WARN_BOOL_CONVERSION = YES;
				CLANG_WARN_CONSTANT_CONVERSION = YES;
				CLANG_WARN_DIRECT_OBJC_ISA_USAGE = YES_ERROR;
				CLANG_WARN_EMPTY_BODY = YES;
				CLANG_WARN_ENUM_CONVERSION = YES;
				CLANG_WARN_INT_CONVERSION = YES;
				CLANG_WARN_OBJC_ROOT_CLASS = YES_ERROR;
				CLANG_WARN_UNREACHABLE_CODE = YES;
				CLANG_WARN__DUPLICATE_METHOD_MATCH = YES;
				"CODE_SIGN_IDENTITY[sdk=iphoneos*]" = "iPhone Developer";
				COPY_PHASE_STRIP = NO;
				DEBUG_INFORMATION_FORMAT = "dwarf-with-dsym";
				ENABLE_STRICT_OBJC_MSGSEND = YES;
				GCC_C_LANGUAGE_STANDARD = gnu99;
				GCC_DYNAMIC_NO_PIC = NO;
				GCC_NO_COMMON_BLOCKS = YES;
				GCC_OPTIMIZATION_LEVEL = 0;
				GCC_PREPROCESSOR_DEFINITIONS = (
					"DEBUG=1",
					"$(inherited)",
				);
				GCC_SYMBOLS_PRIVATE_EXTERN = NO;
				GCC_WARN_64_TO_32_BIT_CONVERSION = YES;
				GCC_WARN_ABOUT_RETURN_TYPE = YES_ERROR;
				GCC_WARN_UNDECLARED_SELECTOR = YES;
				GCC_WARN_UNINITIALIZED_AUTOS = YES_AGGRESSIVE;
				GCC_WARN_UNUSED_FUNCTION = YES;
				GCC_WARN_UNUSED_VARIABLE = YES;
				IPHONEOS_DEPLOYMENT_TARGET = 8.4;
				MTL_ENABLE_DEBUG_INFO = YES;
				ONLY_ACTIVE_ARCH = YES;
				SDKROOT = iphoneos;
			};
			name = Debug;
		};
		3C88FFDF1BDC92BC0013A231 /* Release */ = {
			isa = XCBuildConfiguration;
			buildSettings = {
				ALWAYS_SEARCH_USER_PATHS = NO;
				CLANG_CXX_LANGUAGE_STANDARD = "gnu++0x";
				CLANG_CXX_LIBRARY = "libc++";
				CLANG_ENABLE_MODULES = YES;
				CLANG_ENABLE_OBJC_ARC = YES;
				CLANG_WARN_BOOL_CONVERSION = YES;
				CLANG_WARN_CONSTANT_CONVERSION = YES;
				CLANG_WARN_DIRECT_OBJC_ISA_USAGE = YES_ERROR;
				CLANG_WARN_EMPTY_BODY = YES;
				CLANG_WARN_ENUM_CONVERSION = YES;
				CLANG_WARN_INT_CONVERSION = YES;
				CLANG_WARN_OBJC_ROOT_CLASS = YES_ERROR;
				CLANG_WARN_UNREACHABLE_CODE = YES;
				CLANG_WARN__DUPLICATE_METHOD_MATCH = YES;
				"CODE_SIGN_IDENTITY[sdk=iphoneos*]" = "iPhone Developer";
				COPY_PHASE_STRIP = NO;
				DEBUG_INFORMATION_FORMAT = "dwarf-with-dsym";
				ENABLE_NS_ASSERTIONS = NO;
				ENABLE_STRICT_OBJC_MSGSEND = YES;
				GCC_C_LANGUAGE_STANDARD = gnu99;
				GCC_NO_COMMON_BLOCKS = YES;
				GCC_WARN_64_TO_32_BIT_CONVERSION = YES;
				GCC_WARN_ABOUT_RETURN_TYPE = YES_ERROR;
				GCC_WARN_UNDECLARED_SELECTOR = YES;
				GCC_WARN_UNINITIALIZED_AUTOS = YES_AGGRESSIVE;
				GCC_WARN_UNUSED_FUNCTION = YES;
				GCC_WARN_UNUSED_VARIABLE = YES;
				IPHONEOS_DEPLOYMENT_TARGET = 8.4;
				MTL_ENABLE_DEBUG_INFO = NO;
				SDKROOT = iphoneos;
				VALIDATE_PRODUCT = YES;
			};
			name = Release;
		};
		3C88FFE11BDC92BC0013A231 /* Debug */ = {
			isa = XCBuildConfiguration;
			buildSettings = {
				ASSETCATALOG_COMPILER_APPICON_NAME = AppIcon;
				INFOPLIST_FILE = "闪电外卖/Info.plist";
				LD_RUNPATH_SEARCH_PATHS = "$(inherited) @executable_path/Frameworks";
				LIBRARY_SEARCH_PATHS = (
					"$(inherited)",
					"$(PROJECT_DIR)/闪电外卖/umeng_ios_social_sdk_4.3_arm64_custom/UMSocial_Sdk_4.3",
				);
				PRODUCT_NAME = "$(TARGET_NAME)";
			};
			name = Debug;
		};
		3C88FFE21BDC92BC0013A231 /* Release */ = {
			isa = XCBuildConfiguration;
			buildSettings = {
				ASSETCATALOG_COMPILER_APPICON_NAME = AppIcon;
				INFOPLIST_FILE = "闪电外卖/Info.plist";
				LD_RUNPATH_SEARCH_PATHS = "$(inherited) @executable_path/Frameworks";
				LIBRARY_SEARCH_PATHS = (
					"$(inherited)",
					"$(PROJECT_DIR)/闪电外卖/umeng_ios_social_sdk_4.3_arm64_custom/UMSocial_Sdk_4.3",
				);
				PRODUCT_NAME = "$(TARGET_NAME)";
			};
			name = Release;
		};
		3C88FFE41BDC92BC0013A231 /* Debug */ = {
			isa = XCBuildConfiguration;
			buildSettings = {
				BUNDLE_LOADER = "$(TEST_HOST)";
				FRAMEWORK_SEARCH_PATHS = (
					"$(SDKROOT)/Developer/Library/Frameworks",
					"$(inherited)",
				);
				GCC_PREPROCESSOR_DEFINITIONS = (
					"DEBUG=1",
					"$(inherited)",
				);
				INFOPLIST_FILE = "闪电外卖Tests/Info.plist";
				LD_RUNPATH_SEARCH_PATHS = "$(inherited) @executable_path/Frameworks @loader_path/Frameworks";
				PRODUCT_NAME = "$(TARGET_NAME)";
				TEST_HOST = "$(BUILT_PRODUCTS_DIR)/闪电外卖.app/闪电外卖";
			};
			name = Debug;
		};
		3C88FFE51BDC92BC0013A231 /* Release */ = {
			isa = XCBuildConfiguration;
			buildSettings = {
				BUNDLE_LOADER = "$(TEST_HOST)";
				FRAMEWORK_SEARCH_PATHS = (
					"$(SDKROOT)/Developer/Library/Frameworks",
					"$(inherited)",
				);
				INFOPLIST_FILE = "闪电外卖Tests/Info.plist";
				LD_RUNPATH_SEARCH_PATHS = "$(inherited) @executable_path/Frameworks @loader_path/Frameworks";
				PRODUCT_NAME = "$(TARGET_NAME)";
				TEST_HOST = "$(BUILT_PRODUCTS_DIR)/闪电外卖.app/闪电外卖";
			};
			name = Release;
		};
/* End XCBuildConfiguration section */

/* Begin XCConfigurationList section */
		3C88FFB81BDC92BC0013A231 /* Build configuration list for PBXProject "闪电外卖" */ = {
			isa = XCConfigurationList;
			buildConfigurations = (
				3C88FFDE1BDC92BC0013A231 /* Debug */,
				3C88FFDF1BDC92BC0013A231 /* Release */,
			);
			defaultConfigurationIsVisible = 0;
			defaultConfigurationName = Release;
		};
		3C88FFE01BDC92BC0013A231 /* Build configuration list for PBXNativeTarget "闪电外卖" */ = {
			isa = XCConfigurationList;
			buildConfigurations = (
				3C88FFE11BDC92BC0013A231 /* Debug */,
				3C88FFE21BDC92BC0013A231 /* Release */,
			);
			defaultConfigurationIsVisible = 0;
			defaultConfigurationName = Release;
		};
		3C88FFE31BDC92BC0013A231 /* Build configuration list for PBXNativeTarget "闪电外卖Tests" */ = {
			isa = XCConfigurationList;
			buildConfigurations = (
				3C88FFE41BDC92BC0013A231 /* Debug */,
				3C88FFE51BDC92BC0013A231 /* Release */,
			);
			defaultConfigurationIsVisible = 0;
			defaultConfigurationName = Release;
		};
/* End XCConfigurationList section */
	};
	rootObject = 3C88FFB51BDC92BC0013A231 /* Project object */;
}
