// !$*UTF8*$!
{
	archiveVersion = 1;
	classes = {
	};
	objectVersion = 46;
	objects = {

/* Begin PBXBuildFile section */
		3C88FFC31BDC92BC0013A231 /* main.m in Sources */ = {isa = PBXBuildFile; fileRef = 3C88FFC21BDC92BC0013A231 /* main.m */; };
		3C88FFC61BDC92BC0013A231 /* AppDelegate.m in Sources */ = {isa = PBXBuildFile; fileRef = 3C88FFC51BDC92BC0013A231 /* AppDelegate.m */; };
		3C88FFCC1BDC92BC0013A231 /* Main.storyboard in Resources */ = {isa = PBXBuildFile; fileRef = 3C88FFCA1BDC92BC0013A231 /* Main.storyboard */; };
		3C88FFCE1BDC92BC0013A231 /* Images.xcassets in Resources */ = {isa = PBXBuildFile; fileRef = 3C88FFCD1BDC92BC0013A231 /* Images.xcassets */; };
		3C88FFD11BDC92BC0013A231 /* LaunchScreen.xib in Resources */ = {isa = PBXBuildFile; fileRef = 3C88FFCF1BDC92BC0013A231 /* LaunchScreen.xib */; };
		3C88FFDD1BDC92BC0013A231 /* ____Tests.m in Sources */ = {isa = PBXBuildFile; fileRef = 3C88FFDC1BDC92BC0013A231 /* ____Tests.m */; };
		C9C48C281BDE2BCD009650B6 /* MKAnnotationView+WebCache.m in Sources */ = {isa = PBXBuildFile; fileRef = C9C48C081BDE2BCD009650B6 /* MKAnnotationView+WebCache.m */; };
		C9C48C291BDE2BCD009650B6 /* NSData+ImageContentType.m in Sources */ = {isa = PBXBuildFile; fileRef = C9C48C0A1BDE2BCD009650B6 /* NSData+ImageContentType.m */; };
		C9C48C2A1BDE2BCD009650B6 /* SDImageCache.m in Sources */ = {isa = PBXBuildFile; fileRef = C9C48C0C1BDE2BCD009650B6 /* SDImageCache.m */; };
		C9C48C2B1BDE2BCD009650B6 /* SDWebImageCompat.m in Sources */ = {isa = PBXBuildFile; fileRef = C9C48C0E1BDE2BCD009650B6 /* SDWebImageCompat.m */; };
		C9C48C2C1BDE2BCD009650B6 /* SDWebImageDecoder.m in Sources */ = {isa = PBXBuildFile; fileRef = C9C48C101BDE2BCD009650B6 /* SDWebImageDecoder.m */; };
		C9C48C2D1BDE2BCD009650B6 /* SDWebImageDownloader.m in Sources */ = {isa = PBXBuildFile; fileRef = C9C48C121BDE2BCD009650B6 /* SDWebImageDownloader.m */; };
		C9C48C2E1BDE2BCD009650B6 /* SDWebImageDownloaderOperation.m in Sources */ = {isa = PBXBuildFile; fileRef = C9C48C141BDE2BCD009650B6 /* SDWebImageDownloaderOperation.m */; };
		C9C48C2F1BDE2BCD009650B6 /* SDWebImageManager.m in Sources */ = {isa = PBXBuildFile; fileRef = C9C48C161BDE2BCD009650B6 /* SDWebImageManager.m */; };
		C9C48C301BDE2BCD009650B6 /* SDWebImagePrefetcher.m in Sources */ = {isa = PBXBuildFile; fileRef = C9C48C191BDE2BCD009650B6 /* SDWebImagePrefetcher.m */; };
		C9C48C311BDE2BCD009650B6 /* UIButton+WebCache.m in Sources */ = {isa = PBXBuildFile; fileRef = C9C48C1B1BDE2BCD009650B6 /* UIButton+WebCache.m */; };
		C9C48C321BDE2BCD009650B6 /* UIImage+GIF.m in Sources */ = {isa = PBXBuildFile; fileRef = C9C48C1D1BDE2BCD009650B6 /* UIImage+GIF.m */; };
		C9C48C331BDE2BCD009650B6 /* UIImage+MultiFormat.m in Sources */ = {isa = PBXBuildFile; fileRef = C9C48C1F1BDE2BCD009650B6 /* UIImage+MultiFormat.m */; };
		C9C48C341BDE2BCD009650B6 /* UIImage+WebP.m in Sources */ = {isa = PBXBuildFile; fileRef = C9C48C211BDE2BCD009650B6 /* UIImage+WebP.m */; };
		C9C48C351BDE2BCD009650B6 /* UIImageView+HighlightedWebCache.m in Sources */ = {isa = PBXBuildFile; fileRef = C9C48C231BDE2BCD009650B6 /* UIImageView+HighlightedWebCache.m */; };
		C9C48C361BDE2BCD009650B6 /* UIImageView+WebCache.m in Sources */ = {isa = PBXBuildFile; fileRef = C9C48C251BDE2BCD009650B6 /* UIImageView+WebCache.m */; };
		C9C48C371BDE2BCD009650B6 /* UIView+WebCacheOperation.m in Sources */ = {isa = PBXBuildFile; fileRef = C9C48C271BDE2BCD009650B6 /* UIView+WebCacheOperation.m */; };
		C9C48C481BDE2BE8009650B6 /* TAAbstractDotView.m in Sources */ = {isa = PBXBuildFile; fileRef = C9C48C3B1BDE2BE8009650B6 /* TAAbstractDotView.m */; };
		C9C48C491BDE2BE8009650B6 /* TAAnimatedDotView.m in Sources */ = {isa = PBXBuildFile; fileRef = C9C48C3D1BDE2BE8009650B6 /* TAAnimatedDotView.m */; };
		C9C48C4A1BDE2BE8009650B6 /* TADotView.m in Sources */ = {isa = PBXBuildFile; fileRef = C9C48C3F1BDE2BE8009650B6 /* TADotView.m */; };
		C9C48C4B1BDE2BE8009650B6 /* TAPageControl.m in Sources */ = {isa = PBXBuildFile; fileRef = C9C48C411BDE2BE8009650B6 /* TAPageControl.m */; };
		C9C48C4C1BDE2BE8009650B6 /* SDCollectionViewCell.m in Sources */ = {isa = PBXBuildFile; fileRef = C9C48C431BDE2BE8009650B6 /* SDCollectionViewCell.m */; };
		C9C48C4D1BDE2BE8009650B6 /* SDCycleScrollView.m in Sources */ = {isa = PBXBuildFile; fileRef = C9C48C451BDE2BE8009650B6 /* SDCycleScrollView.m */; };
		C9C48C4E1BDE2BE8009650B6 /* UIView+SDExtension.m in Sources */ = {isa = PBXBuildFile; fileRef = C9C48C471BDE2BE8009650B6 /* UIView+SDExtension.m */; };
		C9C48C5B1BDE410B009650B6 /* WMHomeView.m in Sources */ = {isa = PBXBuildFile; fileRef = C9C48C5A1BDE410B009650B6 /* WMHomeView.m */; };
		C9DBAB601BDC9D6A0055FCA9 /* WMHomeViewController.m in Sources */ = {isa = PBXBuildFile; fileRef = C9DBAB5F1BDC9D6A0055FCA9 /* WMHomeViewController.m */; };
		C9DBAB6F1BDCC34D0055FCA9 /* WMTabBarViewController.m in Sources */ = {isa = PBXBuildFile; fileRef = C9DBAB6E1BDCC34D0055FCA9 /* WMTabBarViewController.m */; };
		C9DBAB721BDCC3680055FCA9 /* WMNavigationViewController.m in Sources */ = {isa = PBXBuildFile; fileRef = C9DBAB711BDCC3680055FCA9 /* WMNavigationViewController.m */; };
		C9DBAB751BDCC38A0055FCA9 /* WMMineTableViewController.m in Sources */ = {isa = PBXBuildFile; fileRef = C9DBAB741BDCC38A0055FCA9 /* WMMineTableViewController.m */; };
		C9DBAB781BDCC39B0055FCA9 /* WMDiscoverViewController.m in Sources */ = {isa = PBXBuildFile; fileRef = C9DBAB771BDCC39B0055FCA9 /* WMDiscoverViewController.m */; };
		C9DBAB7B1BDCC3DA0055FCA9 /* WMOrderViewController.m in Sources */ = {isa = PBXBuildFile; fileRef = C9DBAB7A1BDCC3DA0055FCA9 /* WMOrderViewController.m */; };
		C9DBAB821BDCCA410055FCA9 /* UIBarButtonItem+Extension.m in Sources */ = {isa = PBXBuildFile; fileRef = C9DBAB7F1BDCCA410055FCA9 /* UIBarButtonItem+Extension.m */; };
		C9DBAB831BDCCA410055FCA9 /* UIView+Extension.m in Sources */ = {isa = PBXBuildFile; fileRef = C9DBAB811BDCCA410055FCA9 /* UIView+Extension.m */; };
		C9DBAB871BDCCAFA0055FCA9 /* WMText1ViewController.m in Sources */ = {isa = PBXBuildFile; fileRef = C9DBAB851BDCCAFA0055FCA9 /* WMText1ViewController.m */; };
		C9DBAB881BDCCAFA0055FCA9 /* WMText1ViewController.xib in Resources */ = {isa = PBXBuildFile; fileRef = C9DBAB861BDCCAFA0055FCA9 /* WMText1ViewController.xib */; };
		C9DBAB8C1BDCCB0D0055FCA9 /* WMText2ViewController.m in Sources */ = {isa = PBXBuildFile; fileRef = C9DBAB8A1BDCCB0D0055FCA9 /* WMText2ViewController.m */; };
		C9DBAB8D1BDCCB0D0055FCA9 /* WMText2ViewController.xib in Resources */ = {isa = PBXBuildFile; fileRef = C9DBAB8B1BDCCB0D0055FCA9 /* WMText2ViewController.xib */; };
		C9DBAB911BDCCD740055FCA9 /* Colours.m in Sources */ = {isa = PBXBuildFile; fileRef = C9DBAB901BDCCD740055FCA9 /* Colours.m */; };
		C9DBAB961BDD0B250055FCA9 /* HWSearchBar.m in Sources */ = {isa = PBXBuildFile; fileRef = C9DBAB951BDD0B250055FCA9 /* HWSearchBar.m */; };
		C9DBABAB1BDD1D330055FCA9 /* WMHomeViewController.storyboard in Resources */ = {isa = PBXBuildFile; fileRef = C9DBABAA1BDD1D330055FCA9 /* WMHomeViewController.storyboard */; };
/* End PBXBuildFile section */

/* Begin PBXContainerItemProxy section */
		3C88FFD71BDC92BC0013A231 /* PBXContainerItemProxy */ = {
			isa = PBXContainerItemProxy;
			containerPortal = 3C88FFB51BDC92BC0013A231 /* Project object */;
			proxyType = 1;
			remoteGlobalIDString = 3C88FFBC1BDC92BC0013A231;
			remoteInfo = "闪电外卖";
		};
/* End PBXContainerItemProxy section */

/* Begin PBXFileReference section */
		3C88FFBD1BDC92BC0013A231 /* 闪电外卖.app */ = {isa = PBXFileReference; explicitFileType = wrapper.application; includeInIndex = 0; path = "闪电外卖.app"; sourceTree = BUILT_PRODUCTS_DIR; };
		3C88FFC11BDC92BC0013A231 /* Info.plist */ = {isa = PBXFileReference; lastKnownFileType = text.plist.xml; path = Info.plist; sourceTree = "<group>"; };
		3C88FFC21BDC92BC0013A231 /* main.m */ = {isa = PBXFileReference; lastKnownFileType = sourcecode.c.objc; path = main.m; sourceTree = "<group>"; };
		3C88FFC41BDC92BC0013A231 /* AppDelegate.h */ = {isa = PBXFileReference; lastKnownFileType = sourcecode.c.h; path = AppDelegate.h; sourceTree = "<group>"; };
		3C88FFC51BDC92BC0013A231 /* AppDelegate.m */ = {isa = PBXFileReference; lastKnownFileType = sourcecode.c.objc; path = AppDelegate.m; sourceTree = "<group>"; };
		3C88FFCB1BDC92BC0013A231 /* Base */ = {isa = PBXFileReference; lastKnownFileType = file.storyboard; name = Base; path = Base.lproj/Main.storyboard; sourceTree = "<group>"; };
		3C88FFCD1BDC92BC0013A231 /* Images.xcassets */ = {isa = PBXFileReference; lastKnownFileType = folder.assetcatalog; path = Images.xcassets; sourceTree = "<group>"; };
		3C88FFD01BDC92BC0013A231 /* Base */ = {isa = PBXFileReference; lastKnownFileType = file.xib; name = Base; path = Base.lproj/LaunchScreen.xib; sourceTree = "<group>"; };
		3C88FFD61BDC92BC0013A231 /* 闪电外卖Tests.xctest */ = {isa = PBXFileReference; explicitFileType = wrapper.cfbundle; includeInIndex = 0; path = "闪电外卖Tests.xctest"; sourceTree = BUILT_PRODUCTS_DIR; };
		3C88FFDB1BDC92BC0013A231 /* Info.plist */ = {isa = PBXFileReference; lastKnownFileType = text.plist.xml; path = Info.plist; sourceTree = "<group>"; };
		3C88FFDC1BDC92BC0013A231 /* ____Tests.m */ = {isa = PBXFileReference; lastKnownFileType = sourcecode.c.objc; path = "____Tests.m"; sourceTree = "<group>"; };
		C9C48C071BDE2BCD009650B6 /* MKAnnotationView+WebCache.h */ = {isa = PBXFileReference; fileEncoding = 4; lastKnownFileType = sourcecode.c.h; path = "MKAnnotationView+WebCache.h"; sourceTree = "<group>"; };
		C9C48C081BDE2BCD009650B6 /* MKAnnotationView+WebCache.m */ = {isa = PBXFileReference; fileEncoding = 4; lastKnownFileType = sourcecode.c.objc; path = "MKAnnotationView+WebCache.m"; sourceTree = "<group>"; };
		C9C48C091BDE2BCD009650B6 /* NSData+ImageContentType.h */ = {isa = PBXFileReference; fileEncoding = 4; lastKnownFileType = sourcecode.c.h; path = "NSData+ImageContentType.h"; sourceTree = "<group>"; };
		C9C48C0A1BDE2BCD009650B6 /* NSData+ImageContentType.m */ = {isa = PBXFileReference; fileEncoding = 4; lastKnownFileType = sourcecode.c.objc; path = "NSData+ImageContentType.m"; sourceTree = "<group>"; };
		C9C48C0B1BDE2BCD009650B6 /* SDImageCache.h */ = {isa = PBXFileReference; fileEncoding = 4; lastKnownFileType = sourcecode.c.h; path = SDImageCache.h; sourceTree = "<group>"; };
		C9C48C0C1BDE2BCD009650B6 /* SDImageCache.m */ = {isa = PBXFileReference; fileEncoding = 4; lastKnownFileType = sourcecode.c.objc; path = SDImageCache.m; sourceTree = "<group>"; };
		C9C48C0D1BDE2BCD009650B6 /* SDWebImageCompat.h */ = {isa = PBXFileReference; fileEncoding = 4; lastKnownFileType = sourcecode.c.h; path = SDWebImageCompat.h; sourceTree = "<group>"; };
		C9C48C0E1BDE2BCD009650B6 /* SDWebImageCompat.m */ = {isa = PBXFileReference; fileEncoding = 4; lastKnownFileType = sourcecode.c.objc; path = SDWebImageCompat.m; sourceTree = "<group>"; };
		C9C48C0F1BDE2BCD009650B6 /* SDWebImageDecoder.h */ = {isa = PBXFileReference; fileEncoding = 4; lastKnownFileType = sourcecode.c.h; path = SDWebImageDecoder.h; sourceTree = "<group>"; };
		C9C48C101BDE2BCD009650B6 /* SDWebImageDecoder.m */ = {isa = PBXFileReference; fileEncoding = 4; lastKnownFileType = sourcecode.c.objc; path = SDWebImageDecoder.m; sourceTree = "<group>"; };
		C9C48C111BDE2BCD009650B6 /* SDWebImageDownloader.h */ = {isa = PBXFileReference; fileEncoding = 4; lastKnownFileType = sourcecode.c.h; path = SDWebImageDownloader.h; sourceTree = "<group>"; };
		C9C48C121BDE2BCD009650B6 /* SDWebImageDownloader.m */ = {isa = PBXFileReference; fileEncoding = 4; lastKnownFileType = sourcecode.c.objc; path = SDWebImageDownloader.m; sourceTree = "<group>"; };
		C9C48C131BDE2BCD009650B6 /* SDWebImageDownloaderOperation.h */ = {isa = PBXFileReference; fileEncoding = 4; lastKnownFileType = sourcecode.c.h; path = SDWebImageDownloaderOperation.h; sourceTree = "<group>"; };
		C9C48C141BDE2BCD009650B6 /* SDWebImageDownloaderOperation.m */ = {isa = PBXFileReference; fileEncoding = 4; lastKnownFileType = sourcecode.c.objc; path = SDWebImageDownloaderOperation.m; sourceTree = "<group>"; };
		C9C48C151BDE2BCD009650B6 /* SDWebImageManager.h */ = {isa = PBXFileReference; fileEncoding = 4; lastKnownFileType = sourcecode.c.h; path = SDWebImageManager.h; sourceTree = "<group>"; };
		C9C48C161BDE2BCD009650B6 /* SDWebImageManager.m */ = {isa = PBXFileReference; fileEncoding = 4; lastKnownFileType = sourcecode.c.objc; path = SDWebImageManager.m; sourceTree = "<group>"; };
		C9C48C171BDE2BCD009650B6 /* SDWebImageOperation.h */ = {isa = PBXFileReference; fileEncoding = 4; lastKnownFileType = sourcecode.c.h; path = SDWebImageOperation.h; sourceTree = "<group>"; };
		C9C48C181BDE2BCD009650B6 /* SDWebImagePrefetcher.h */ = {isa = PBXFileReference; fileEncoding = 4; lastKnownFileType = sourcecode.c.h; path = SDWebImagePrefetcher.h; sourceTree = "<group>"; };
		C9C48C191BDE2BCD009650B6 /* SDWebImagePrefetcher.m */ = {isa = PBXFileReference; fileEncoding = 4; lastKnownFileType = sourcecode.c.objc; path = SDWebImagePrefetcher.m; sourceTree = "<group>"; };
		C9C48C1A1BDE2BCD009650B6 /* UIButton+WebCache.h */ = {isa = PBXFileReference; fileEncoding = 4; lastKnownFileType = sourcecode.c.h; path = "UIButton+WebCache.h"; sourceTree = "<group>"; };
		C9C48C1B1BDE2BCD009650B6 /* UIButton+WebCache.m */ = {isa = PBXFileReference; fileEncoding = 4; lastKnownFileType = sourcecode.c.objc; path = "UIButton+WebCache.m"; sourceTree = "<group>"; };
		C9C48C1C1BDE2BCD009650B6 /* UIImage+GIF.h */ = {isa = PBXFileReference; fileEncoding = 4; lastKnownFileType = sourcecode.c.h; path = "UIImage+GIF.h"; sourceTree = "<group>"; };
		C9C48C1D1BDE2BCD009650B6 /* UIImage+GIF.m */ = {isa = PBXFileReference; fileEncoding = 4; lastKnownFileType = sourcecode.c.objc; path = "UIImage+GIF.m"; sourceTree = "<group>"; };
		C9C48C1E1BDE2BCD009650B6 /* UIImage+MultiFormat.h */ = {isa = PBXFileReference; fileEncoding = 4; lastKnownFileType = sourcecode.c.h; path = "UIImage+MultiFormat.h"; sourceTree = "<group>"; };
		C9C48C1F1BDE2BCD009650B6 /* UIImage+MultiFormat.m */ = {isa = PBXFileReference; fileEncoding = 4; lastKnownFileType = sourcecode.c.objc; path = "UIImage+MultiFormat.m"; sourceTree = "<group>"; };
		C9C48C201BDE2BCD009650B6 /* UIImage+WebP.h */ = {isa = PBXFileReference; fileEncoding = 4; lastKnownFileType = sourcecode.c.h; path = "UIImage+WebP.h"; sourceTree = "<group>"; };
		C9C48C211BDE2BCD009650B6 /* UIImage+WebP.m */ = {isa = PBXFileReference; fileEncoding = 4; lastKnownFileType = sourcecode.c.objc; path = "UIImage+WebP.m"; sourceTree = "<group>"; };
		C9C48C221BDE2BCD009650B6 /* UIImageView+HighlightedWebCache.h */ = {isa = PBXFileReference; fileEncoding = 4; lastKnownFileType = sourcecode.c.h; path = "UIImageView+HighlightedWebCache.h"; sourceTree = "<group>"; };
		C9C48C231BDE2BCD009650B6 /* UIImageView+HighlightedWebCache.m */ = {isa = PBXFileReference; fileEncoding = 4; lastKnownFileType = sourcecode.c.objc; path = "UIImageView+HighlightedWebCache.m"; sourceTree = "<group>"; };
		C9C48C241BDE2BCD009650B6 /* UIImageView+WebCache.h */ = {isa = PBXFileReference; fileEncoding = 4; lastKnownFileType = sourcecode.c.h; path = "UIImageView+WebCache.h"; sourceTree = "<group>"; };
		C9C48C251BDE2BCD009650B6 /* UIImageView+WebCache.m */ = {isa = PBXFileReference; fileEncoding = 4; lastKnownFileType = sourcecode.c.objc; path = "UIImageView+WebCache.m"; sourceTree = "<group>"; };
		C9C48C261BDE2BCD009650B6 /* UIView+WebCacheOperation.h */ = {isa = PBXFileReference; fileEncoding = 4; lastKnownFileType = sourcecode.c.h; path = "UIView+WebCacheOperation.h"; sourceTree = "<group>"; };
		C9C48C271BDE2BCD009650B6 /* UIView+WebCacheOperation.m */ = {isa = PBXFileReference; fileEncoding = 4; lastKnownFileType = sourcecode.c.objc; path = "UIView+WebCacheOperation.m"; sourceTree = "<group>"; };
		C9C48C3A1BDE2BE8009650B6 /* TAAbstractDotView.h */ = {isa = PBXFileReference; fileEncoding = 4; lastKnownFileType = sourcecode.c.h; path = TAAbstractDotView.h; sourceTree = "<group>"; };
		C9C48C3B1BDE2BE8009650B6 /* TAAbstractDotView.m */ = {isa = PBXFileReference; fileEncoding = 4; lastKnownFileType = sourcecode.c.objc; path = TAAbstractDotView.m; sourceTree = "<group>"; };
		C9C48C3C1BDE2BE8009650B6 /* TAAnimatedDotView.h */ = {isa = PBXFileReference; fileEncoding = 4; lastKnownFileType = sourcecode.c.h; path = TAAnimatedDotView.h; sourceTree = "<group>"; };
		C9C48C3D1BDE2BE8009650B6 /* TAAnimatedDotView.m */ = {isa = PBXFileReference; fileEncoding = 4; lastKnownFileType = sourcecode.c.objc; path = TAAnimatedDotView.m; sourceTree = "<group>"; };
		C9C48C3E1BDE2BE8009650B6 /* TADotView.h */ = {isa = PBXFileReference; fileEncoding = 4; lastKnownFileType = sourcecode.c.h; path = TADotView.h; sourceTree = "<group>"; };
		C9C48C3F1BDE2BE8009650B6 /* TADotView.m */ = {isa = PBXFileReference; fileEncoding = 4; lastKnownFileType = sourcecode.c.objc; path = TADotView.m; sourceTree = "<group>"; };
		C9C48C401BDE2BE8009650B6 /* TAPageControl.h */ = {isa = PBXFileReference; fileEncoding = 4; lastKnownFileType = sourcecode.c.h; path = TAPageControl.h; sourceTree = "<group>"; };
		C9C48C411BDE2BE8009650B6 /* TAPageControl.m */ = {isa = PBXFileReference; fileEncoding = 4; lastKnownFileType = sourcecode.c.objc; path = TAPageControl.m; sourceTree = "<group>"; };
		C9C48C421BDE2BE8009650B6 /* SDCollectionViewCell.h */ = {isa = PBXFileReference; fileEncoding = 4; lastKnownFileType = sourcecode.c.h; path = SDCollectionViewCell.h; sourceTree = "<group>"; };
		C9C48C431BDE2BE8009650B6 /* SDCollectionViewCell.m */ = {isa = PBXFileReference; fileEncoding = 4; lastKnownFileType = sourcecode.c.objc; path = SDCollectionViewCell.m; sourceTree = "<group>"; };
		C9C48C441BDE2BE8009650B6 /* SDCycleScrollView.h */ = {isa = PBXFileReference; fileEncoding = 4; lastKnownFileType = sourcecode.c.h; path = SDCycleScrollView.h; sourceTree = "<group>"; };
		C9C48C451BDE2BE8009650B6 /* SDCycleScrollView.m */ = {isa = PBXFileReference; fileEncoding = 4; lastKnownFileType = sourcecode.c.objc; path = SDCycleScrollView.m; sourceTree = "<group>"; };
		C9C48C461BDE2BE8009650B6 /* UIView+SDExtension.h */ = {isa = PBXFileReference; fileEncoding = 4; lastKnownFileType = sourcecode.c.h; path = "UIView+SDExtension.h"; sourceTree = "<group>"; };
		C9C48C471BDE2BE8009650B6 /* UIView+SDExtension.m */ = {isa = PBXFileReference; fileEncoding = 4; lastKnownFileType = sourcecode.c.objc; path = "UIView+SDExtension.m"; sourceTree = "<group>"; };
		C9C48C591BDE410B009650B6 /* WMHomeView.h */ = {isa = PBXFileReference; fileEncoding = 4; lastKnownFileType = sourcecode.c.h; path = WMHomeView.h; sourceTree = "<group>"; };
		C9C48C5A1BDE410B009650B6 /* WMHomeView.m */ = {isa = PBXFileReference; fileEncoding = 4; lastKnownFileType = sourcecode.c.objc; path = WMHomeView.m; sourceTree = "<group>"; };
		C9DBAB5E1BDC9D6A0055FCA9 /* WMHomeViewController.h */ = {isa = PBXFileReference; fileEncoding = 4; lastKnownFileType = sourcecode.c.h; path = WMHomeViewController.h; sourceTree = "<group>"; };
		C9DBAB5F1BDC9D6A0055FCA9 /* WMHomeViewController.m */ = {isa = PBXFileReference; fileEncoding = 4; lastKnownFileType = sourcecode.c.objc; path = WMHomeViewController.m; sourceTree = "<group>"; };
		C9DBAB6D1BDCC34D0055FCA9 /* WMTabBarViewController.h */ = {isa = PBXFileReference; fileEncoding = 4; lastKnownFileType = sourcecode.c.h; path = WMTabBarViewController.h; sourceTree = "<group>"; };
		C9DBAB6E1BDCC34D0055FCA9 /* WMTabBarViewController.m */ = {isa = PBXFileReference; fileEncoding = 4; lastKnownFileType = sourcecode.c.objc; path = WMTabBarViewController.m; sourceTree = "<group>"; };
		C9DBAB701BDCC3680055FCA9 /* WMNavigationViewController.h */ = {isa = PBXFileReference; fileEncoding = 4; lastKnownFileType = sourcecode.c.h; path = WMNavigationViewController.h; sourceTree = "<group>"; };
		C9DBAB711BDCC3680055FCA9 /* WMNavigationViewController.m */ = {isa = PBXFileReference; fileEncoding = 4; lastKnownFileType = sourcecode.c.objc; path = WMNavigationViewController.m; sourceTree = "<group>"; };
		C9DBAB731BDCC38A0055FCA9 /* WMMineTableViewController.h */ = {isa = PBXFileReference; fileEncoding = 4; lastKnownFileType = sourcecode.c.h; path = WMMineTableViewController.h; sourceTree = "<group>"; };
		C9DBAB741BDCC38A0055FCA9 /* WMMineTableViewController.m */ = {isa = PBXFileReference; fileEncoding = 4; lastKnownFileType = sourcecode.c.objc; path = WMMineTableViewController.m; sourceTree = "<group>"; };
		C9DBAB761BDCC39B0055FCA9 /* WMDiscoverViewController.h */ = {isa = PBXFileReference; fileEncoding = 4; lastKnownFileType = sourcecode.c.h; path = WMDiscoverViewController.h; sourceTree = "<group>"; };
		C9DBAB771BDCC39B0055FCA9 /* WMDiscoverViewController.m */ = {isa = PBXFileReference; fileEncoding = 4; lastKnownFileType = sourcecode.c.objc; path = WMDiscoverViewController.m; sourceTree = "<group>"; };
		C9DBAB791BDCC3DA0055FCA9 /* WMOrderViewController.h */ = {isa = PBXFileReference; fileEncoding = 4; lastKnownFileType = sourcecode.c.h; path = WMOrderViewController.h; sourceTree = "<group>"; };
		C9DBAB7A1BDCC3DA0055FCA9 /* WMOrderViewController.m */ = {isa = PBXFileReference; fileEncoding = 4; lastKnownFileType = sourcecode.c.objc; path = WMOrderViewController.m; sourceTree = "<group>"; };
		C9DBAB7E1BDCCA410055FCA9 /* UIBarButtonItem+Extension.h */ = {isa = PBXFileReference; fileEncoding = 4; lastKnownFileType = sourcecode.c.h; path = "UIBarButtonItem+Extension.h"; sourceTree = "<group>"; };
		C9DBAB7F1BDCCA410055FCA9 /* UIBarButtonItem+Extension.m */ = {isa = PBXFileReference; fileEncoding = 4; lastKnownFileType = sourcecode.c.objc; path = "UIBarButtonItem+Extension.m"; sourceTree = "<group>"; };
		C9DBAB801BDCCA410055FCA9 /* UIView+Extension.h */ = {isa = PBXFileReference; fileEncoding = 4; lastKnownFileType = sourcecode.c.h; path = "UIView+Extension.h"; sourceTree = "<group>"; };
		C9DBAB811BDCCA410055FCA9 /* UIView+Extension.m */ = {isa = PBXFileReference; fileEncoding = 4; lastKnownFileType = sourcecode.c.objc; path = "UIView+Extension.m"; sourceTree = "<group>"; };
		C9DBAB841BDCCAFA0055FCA9 /* WMText1ViewController.h */ = {isa = PBXFileReference; fileEncoding = 4; lastKnownFileType = sourcecode.c.h; path = WMText1ViewController.h; sourceTree = "<group>"; };
		C9DBAB851BDCCAFA0055FCA9 /* WMText1ViewController.m */ = {isa = PBXFileReference; fileEncoding = 4; lastKnownFileType = sourcecode.c.objc; path = WMText1ViewController.m; sourceTree = "<group>"; };
		C9DBAB861BDCCAFA0055FCA9 /* WMText1ViewController.xib */ = {isa = PBXFileReference; fileEncoding = 4; lastKnownFileType = file.xib; path = WMText1ViewController.xib; sourceTree = "<group>"; };
		C9DBAB891BDCCB0D0055FCA9 /* WMText2ViewController.h */ = {isa = PBXFileReference; fileEncoding = 4; lastKnownFileType = sourcecode.c.h; path = WMText2ViewController.h; sourceTree = "<group>"; };
		C9DBAB8A1BDCCB0D0055FCA9 /* WMText2ViewController.m */ = {isa = PBXFileReference; fileEncoding = 4; lastKnownFileType = sourcecode.c.objc; path = WMText2ViewController.m; sourceTree = "<group>"; };
		C9DBAB8B1BDCCB0D0055FCA9 /* WMText2ViewController.xib */ = {isa = PBXFileReference; fileEncoding = 4; lastKnownFileType = file.xib; path = WMText2ViewController.xib; sourceTree = "<group>"; };
		C9DBAB8F1BDCCD740055FCA9 /* Colours.h */ = {isa = PBXFileReference; fileEncoding = 4; lastKnownFileType = sourcecode.c.h; path = Colours.h; sourceTree = "<group>"; };
		C9DBAB901BDCCD740055FCA9 /* Colours.m */ = {isa = PBXFileReference; fileEncoding = 4; lastKnownFileType = sourcecode.c.objc; path = Colours.m; sourceTree = "<group>"; };
		C9DBAB941BDD0B250055FCA9 /* HWSearchBar.h */ = {isa = PBXFileReference; fileEncoding = 4; lastKnownFileType = sourcecode.c.h; path = HWSearchBar.h; sourceTree = "<group>"; };
		C9DBAB951BDD0B250055FCA9 /* HWSearchBar.m */ = {isa = PBXFileReference; fileEncoding = 4; lastKnownFileType = sourcecode.c.objc; path = HWSearchBar.m; sourceTree = "<group>"; };
		C9DBABAA1BDD1D330055FCA9 /* WMHomeViewController.storyboard */ = {isa = PBXFileReference; fileEncoding = 4; lastKnownFileType = file.storyboard; path = WMHomeViewController.storyboard; sourceTree = "<group>"; };
/* End PBXFileReference section */

/* Begin PBXFrameworksBuildPhase section */
		3C88FFBA1BDC92BC0013A231 /* Frameworks */ = {
			isa = PBXFrameworksBuildPhase;
			buildActionMask = 2147483647;
			files = (
			);
			runOnlyForDeploymentPostprocessing = 0;
		};
		3C88FFD31BDC92BC0013A231 /* Frameworks */ = {
			isa = PBXFrameworksBuildPhase;
			buildActionMask = 2147483647;
			files = (
			);
			runOnlyForDeploymentPostprocessing = 0;
		};
/* End PBXFrameworksBuildPhase section */

/* Begin PBXGroup section */
		3C88FFB41BDC92BC0013A231 = {
			isa = PBXGroup;
			children = (
				3C88FFBF1BDC92BC0013A231 /* 闪电外卖 */,
				3C88FFD91BDC92BC0013A231 /* 闪电外卖Tests */,
				3C88FFBE1BDC92BC0013A231 /* Products */,
			);
			sourceTree = "<group>";
		};
		3C88FFBE1BDC92BC0013A231 /* Products */ = {
			isa = PBXGroup;
			children = (
				3C88FFBD1BDC92BC0013A231 /* 闪电外卖.app */,
				3C88FFD61BDC92BC0013A231 /* 闪电外卖Tests.xctest */,
			);
			name = Products;
			sourceTree = "<group>";
		};
		3C88FFBF1BDC92BC0013A231 /* 闪电外卖 */ = {
			isa = PBXGroup;
			children = (
				C9DBAB651BDC9E2F0055FCA9 /* Main */,
				C9DBAB641BDC9E160055FCA9 /* Mine */,
				C9DBAB631BDC9DFE0055FCA9 /* Discover */,
				C9DBAB621BDC9DDD0055FCA9 /* Order */,
				C9DBAB5D1BDC9C920055FCA9 /* Home */,
				C9DBAB611BDC9DAE0055FCA9 /* Other */,
				3C88FFCD1BDC92BC0013A231 /* Images.xcassets */,
				3C88FFC01BDC92BC0013A231 /* Supporting Files */,
			);
			path = "闪电外卖";
			sourceTree = "<group>";
		};
		3C88FFC01BDC92BC0013A231 /* Supporting Files */ = {
			isa = PBXGroup;
			children = (
				3C88FFC11BDC92BC0013A231 /* Info.plist */,
				3C88FFC21BDC92BC0013A231 /* main.m */,
			);
			name = "Supporting Files";
			sourceTree = "<group>";
		};
		3C88FFD91BDC92BC0013A231 /* 闪电外卖Tests */ = {
			isa = PBXGroup;
			children = (
				3C88FFDC1BDC92BC0013A231 /* ____Tests.m */,
				3C88FFDA1BDC92BC0013A231 /* Supporting Files */,
			);
			path = "闪电外卖Tests";
			sourceTree = "<group>";
		};
		3C88FFDA1BDC92BC0013A231 /* Supporting Files */ = {
			isa = PBXGroup;
			children = (
				3C88FFDB1BDC92BC0013A231 /* Info.plist */,
			);
			name = "Supporting Files";
			sourceTree = "<group>";
		};
		C9C48C061BDE2BCD009650B6 /* SDWebImage */ = {
			isa = PBXGroup;
			children = (
				C9C48C071BDE2BCD009650B6 /* MKAnnotationView+WebCache.h */,
				C9C48C081BDE2BCD009650B6 /* MKAnnotationView+WebCache.m */,
				C9C48C091BDE2BCD009650B6 /* NSData+ImageContentType.h */,
				C9C48C0A1BDE2BCD009650B6 /* NSData+ImageContentType.m */,
				C9C48C0B1BDE2BCD009650B6 /* SDImageCache.h */,
				C9C48C0C1BDE2BCD009650B6 /* SDImageCache.m */,
				C9C48C0D1BDE2BCD009650B6 /* SDWebImageCompat.h */,
				C9C48C0E1BDE2BCD009650B6 /* SDWebImageCompat.m */,
				C9C48C0F1BDE2BCD009650B6 /* SDWebImageDecoder.h */,
				C9C48C101BDE2BCD009650B6 /* SDWebImageDecoder.m */,
				C9C48C111BDE2BCD009650B6 /* SDWebImageDownloader.h */,
				C9C48C121BDE2BCD009650B6 /* SDWebImageDownloader.m */,
				C9C48C131BDE2BCD009650B6 /* SDWebImageDownloaderOperation.h */,
				C9C48C141BDE2BCD009650B6 /* SDWebImageDownloaderOperation.m */,
				C9C48C151BDE2BCD009650B6 /* SDWebImageManager.h */,
				C9C48C161BDE2BCD009650B6 /* SDWebImageManager.m */,
				C9C48C171BDE2BCD009650B6 /* SDWebImageOperation.h */,
				C9C48C181BDE2BCD009650B6 /* SDWebImagePrefetcher.h */,
				C9C48C191BDE2BCD009650B6 /* SDWebImagePrefetcher.m */,
				C9C48C1A1BDE2BCD009650B6 /* UIButton+WebCache.h */,
				C9C48C1B1BDE2BCD009650B6 /* UIButton+WebCache.m */,
				C9C48C1C1BDE2BCD009650B6 /* UIImage+GIF.h */,
				C9C48C1D1BDE2BCD009650B6 /* UIImage+GIF.m */,
				C9C48C1E1BDE2BCD009650B6 /* UIImage+MultiFormat.h */,
				C9C48C1F1BDE2BCD009650B6 /* UIImage+MultiFormat.m */,
				C9C48C201BDE2BCD009650B6 /* UIImage+WebP.h */,
				C9C48C211BDE2BCD009650B6 /* UIImage+WebP.m */,
				C9C48C221BDE2BCD009650B6 /* UIImageView+HighlightedWebCache.h */,
				C9C48C231BDE2BCD009650B6 /* UIImageView+HighlightedWebCache.m */,
				C9C48C241BDE2BCD009650B6 /* UIImageView+WebCache.h */,
				C9C48C251BDE2BCD009650B6 /* UIImageView+WebCache.m */,
				C9C48C261BDE2BCD009650B6 /* UIView+WebCacheOperation.h */,
				C9C48C271BDE2BCD009650B6 /* UIView+WebCacheOperation.m */,
			);
			path = SDWebImage;
			sourceTree = "<group>";
		};
		C9C48C381BDE2BE8009650B6 /* SDCycleScrollView */ = {
			isa = PBXGroup;
			children = (
				C9C48C391BDE2BE8009650B6 /* PageControl */,
				C9C48C421BDE2BE8009650B6 /* SDCollectionViewCell.h */,
				C9C48C431BDE2BE8009650B6 /* SDCollectionViewCell.m */,
				C9C48C441BDE2BE8009650B6 /* SDCycleScrollView.h */,
				C9C48C451BDE2BE8009650B6 /* SDCycleScrollView.m */,
				C9C48C461BDE2BE8009650B6 /* UIView+SDExtension.h */,
				C9C48C471BDE2BE8009650B6 /* UIView+SDExtension.m */,
			);
			path = SDCycleScrollView;
			sourceTree = "<group>";
		};
		C9C48C391BDE2BE8009650B6 /* PageControl */ = {
			isa = PBXGroup;
			children = (
				C9C48C3A1BDE2BE8009650B6 /* TAAbstractDotView.h */,
				C9C48C3B1BDE2BE8009650B6 /* TAAbstractDotView.m */,
				C9C48C3C1BDE2BE8009650B6 /* TAAnimatedDotView.h */,
				C9C48C3D1BDE2BE8009650B6 /* TAAnimatedDotView.m */,
				C9C48C3E1BDE2BE8009650B6 /* TADotView.h */,
				C9C48C3F1BDE2BE8009650B6 /* TADotView.m */,
				C9C48C401BDE2BE8009650B6 /* TAPageControl.h */,
				C9C48C411BDE2BE8009650B6 /* TAPageControl.m */,
			);
			path = PageControl;
			sourceTree = "<group>";
		};
		C9DBAB5D1BDC9C920055FCA9 /* Home */ = {
			isa = PBXGroup;
			children = (
				C9DBAB9F1BDD123D0055FCA9 /* Controller */,
				C9DBAB9E1BDD12310055FCA9 /* View */,
			);
			name = Home;
			sourceTree = "<group>";
		};
		C9DBAB611BDC9DAE0055FCA9 /* Other */ = {
			isa = PBXGroup;
			children = (
				3C88FFC41BDC92BC0013A231 /* AppDelegate.h */,
				3C88FFC51BDC92BC0013A231 /* AppDelegate.m */,
				3C88FFCA1BDC92BC0013A231 /* Main.storyboard */,
				3C88FFCF1BDC92BC0013A231 /* LaunchScreen.xib */,
			);
			name = Other;
			sourceTree = "<group>";
		};
		C9DBAB621BDC9DDD0055FCA9 /* Order */ = {
			isa = PBXGroup;
			children = (
				C9DBAB791BDCC3DA0055FCA9 /* WMOrderViewController.h */,
				C9DBAB7A1BDCC3DA0055FCA9 /* WMOrderViewController.m */,
			);
			name = Order;
			sourceTree = "<group>";
		};
		C9DBAB631BDC9DFE0055FCA9 /* Discover */ = {
			isa = PBXGroup;
			children = (
				C9DBAB761BDCC39B0055FCA9 /* WMDiscoverViewController.h */,
				C9DBAB771BDCC39B0055FCA9 /* WMDiscoverViewController.m */,
				C9DBAB841BDCCAFA0055FCA9 /* WMText1ViewController.h */,
				C9DBAB851BDCCAFA0055FCA9 /* WMText1ViewController.m */,
				C9DBAB861BDCCAFA0055FCA9 /* WMText1ViewController.xib */,
				C9DBAB891BDCCB0D0055FCA9 /* WMText2ViewController.h */,
				C9DBAB8A1BDCCB0D0055FCA9 /* WMText2ViewController.m */,
				C9DBAB8B1BDCCB0D0055FCA9 /* WMText2ViewController.xib */,
			);
			name = Discover;
			sourceTree = "<group>";
		};
		C9DBAB641BDC9E160055FCA9 /* Mine */ = {
			isa = PBXGroup;
			children = (
				C9DBAB731BDCC38A0055FCA9 /* WMMineTableViewController.h */,
				C9DBAB741BDCC38A0055FCA9 /* WMMineTableViewController.m */,
			);
			name = Mine;
			sourceTree = "<group>";
		};
		C9DBAB651BDC9E2F0055FCA9 /* Main */ = {
			isa = PBXGroup;
			children = (
				C9DBAB931BDD0B180055FCA9 /* View */,
				C9DBAB921BDCCD7D0055FCA9 /* Lib */,
				C9DBAB7D1BDCCA200055FCA9 /* Category */,
				C9DBAB7C1BDCCA120055FCA9 /* Controller */,
			);
			name = Main;
			sourceTree = "<group>";
		};
		C9DBAB7C1BDCCA120055FCA9 /* Controller */ = {
			isa = PBXGroup;
			children = (
				C9DBAB6D1BDCC34D0055FCA9 /* WMTabBarViewController.h */,
				C9DBAB6E1BDCC34D0055FCA9 /* WMTabBarViewController.m */,
				C9DBAB701BDCC3680055FCA9 /* WMNavigationViewController.h */,
				C9DBAB711BDCC3680055FCA9 /* WMNavigationViewController.m */,
			);
			name = Controller;
			sourceTree = "<group>";
		};
		C9DBAB7D1BDCCA200055FCA9 /* Category */ = {
			isa = PBXGroup;
			children = (
				C9DBAB7E1BDCCA410055FCA9 /* UIBarButtonItem+Extension.h */,
				C9DBAB7F1BDCCA410055FCA9 /* UIBarButtonItem+Extension.m */,
				C9DBAB801BDCCA410055FCA9 /* UIView+Extension.h */,
				C9DBAB811BDCCA410055FCA9 /* UIView+Extension.m */,
			);
			name = Category;
			sourceTree = "<group>";
		};
		C9DBAB8E1BDCCD740055FCA9 /* Colours */ = {
			isa = PBXGroup;
			children = (
				C9DBAB8F1BDCCD740055FCA9 /* Colours.h */,
				C9DBAB901BDCCD740055FCA9 /* Colours.m */,
			);
			name = Colours;
			path = "颜色-Colours";
			sourceTree = "<group>";
		};
		C9DBAB921BDCCD7D0055FCA9 /* Lib */ = {
			isa = PBXGroup;
			children = (
				C9C48C381BDE2BE8009650B6 /* SDCycleScrollView */,
				C9C48C061BDE2BCD009650B6 /* SDWebImage */,
				C9DBAB8E1BDCCD740055FCA9 /* Colours */,
			);
			name = Lib;
			sourceTree = "<group>";
		};
		C9DBAB931BDD0B180055FCA9 /* View */ = {
			isa = PBXGroup;
			children = (
				C9DBAB941BDD0B250055FCA9 /* HWSearchBar.h */,
				C9DBAB951BDD0B250055FCA9 /* HWSearchBar.m */,
			);
			name = View;
			sourceTree = "<group>";
		};
		C9DBAB9E1BDD12310055FCA9 /* View */ = {
			isa = PBXGroup;
			children = (
			);
			name = View;
			sourceTree = "<group>";
		};
		C9DBAB9F1BDD123D0055FCA9 /* Controller */ = {
			isa = PBXGroup;
			children = (
				C9DBAB5E1BDC9D6A0055FCA9 /* WMHomeViewController.h */,
				C9DBAB5F1BDC9D6A0055FCA9 /* WMHomeViewController.m */,
				C9DBABAA1BDD1D330055FCA9 /* WMHomeViewController.storyboard */,
				C9C48C591BDE410B009650B6 /* WMHomeView.h */,
				C9C48C5A1BDE410B009650B6 /* WMHomeView.m */,
			);
			name = Controller;
			sourceTree = "<group>";
		};
/* End PBXGroup section */

/* Begin PBXNativeTarget section */
		3C88FFBC1BDC92BC0013A231 /* 闪电外卖 */ = {
			isa = PBXNativeTarget;
			buildConfigurationList = 3C88FFE01BDC92BC0013A231 /* Build configuration list for PBXNativeTarget "闪电外卖" */;
			buildPhases = (
				3C88FFB91BDC92BC0013A231 /* Sources */,
				3C88FFBA1BDC92BC0013A231 /* Frameworks */,
				3C88FFBB1BDC92BC0013A231 /* Resources */,
			);
			buildRules = (
			);
			dependencies = (
			);
			name = "闪电外卖";
			productName = "闪电外卖";
			productReference = 3C88FFBD1BDC92BC0013A231 /* 闪电外卖.app */;
			productType = "com.apple.product-type.application";
		};
		3C88FFD51BDC92BC0013A231 /* 闪电外卖Tests */ = {
			isa = PBXNativeTarget;
			buildConfigurationList = 3C88FFE31BDC92BC0013A231 /* Build configuration list for PBXNativeTarget "闪电外卖Tests" */;
			buildPhases = (
				3C88FFD21BDC92BC0013A231 /* Sources */,
				3C88FFD31BDC92BC0013A231 /* Frameworks */,
				3C88FFD41BDC92BC0013A231 /* Resources */,
			);
			buildRules = (
			);
			dependencies = (
				3C88FFD81BDC92BC0013A231 /* PBXTargetDependency */,
			);
			name = "闪电外卖Tests";
			productName = "闪电外卖Tests";
			productReference = 3C88FFD61BDC92BC0013A231 /* 闪电外卖Tests.xctest */;
			productType = "com.apple.product-type.bundle.unit-test";
		};
/* End PBXNativeTarget section */

/* Begin PBXProject section */
		3C88FFB51BDC92BC0013A231 /* Project object */ = {
			isa = PBXProject;
			attributes = {
				CLASSPREFIX = WM;
				LastUpgradeCheck = 0640;
				ORGANIZATIONNAME = WM;
				TargetAttributes = {
					3C88FFBC1BDC92BC0013A231 = {
						CreatedOnToolsVersion = 6.4;
					};
					3C88FFD51BDC92BC0013A231 = {
						CreatedOnToolsVersion = 6.4;
						TestTargetID = 3C88FFBC1BDC92BC0013A231;
					};
				};
			};
			buildConfigurationList = 3C88FFB81BDC92BC0013A231 /* Build configuration list for PBXProject "闪电外卖" */;
			compatibilityVersion = "Xcode 3.2";
			developmentRegion = English;
			hasScannedForEncodings = 0;
			knownRegions = (
				en,
				Base,
			);
			mainGroup = 3C88FFB41BDC92BC0013A231;
			productRefGroup = 3C88FFBE1BDC92BC0013A231 /* Products */;
			projectDirPath = "";
			projectRoot = "";
			targets = (
				3C88FFBC1BDC92BC0013A231 /* 闪电外卖 */,
				3C88FFD51BDC92BC0013A231 /* 闪电外卖Tests */,
			);
		};
/* End PBXProject section */

/* Begin PBXResourcesBuildPhase section */
		3C88FFBB1BDC92BC0013A231 /* Resources */ = {
			isa = PBXResourcesBuildPhase;
			buildActionMask = 2147483647;
			files = (
				C9DBABAB1BDD1D330055FCA9 /* WMHomeViewController.storyboard in Resources */,
				C9DBAB8D1BDCCB0D0055FCA9 /* WMText2ViewController.xib in Resources */,
				3C88FFCC1BDC92BC0013A231 /* Main.storyboard in Resources */,
				3C88FFD11BDC92BC0013A231 /* LaunchScreen.xib in Resources */,
				3C88FFCE1BDC92BC0013A231 /* Images.xcassets in Resources */,
				C9DBAB881BDCCAFA0055FCA9 /* WMText1ViewController.xib in Resources */,
			);
			runOnlyForDeploymentPostprocessing = 0;
		};
		3C88FFD41BDC92BC0013A231 /* Resources */ = {
			isa = PBXResourcesBuildPhase;
			buildActionMask = 2147483647;
			files = (
			);
			runOnlyForDeploymentPostprocessing = 0;
		};
/* End PBXResourcesBuildPhase section */

/* Begin PBXSourcesBuildPhase section */
		3C88FFB91BDC92BC0013A231 /* Sources */ = {
			isa = PBXSourcesBuildPhase;
			buildActionMask = 2147483647;
			files = (
				C9C48C331BDE2BCD009650B6 /* UIImage+MultiFormat.m in Sources */,
				C9C48C341BDE2BCD009650B6 /* UIImage+WebP.m in Sources */,
				C9DBAB8C1BDCCB0D0055FCA9 /* WMText2ViewController.m in Sources */,
				C9C48C2F1BDE2BCD009650B6 /* SDWebImageManager.m in Sources */,
				C9DBAB831BDCCA410055FCA9 /* UIView+Extension.m in Sources */,
				C9DBAB751BDCC38A0055FCA9 /* WMMineTableViewController.m in Sources */,
				C9DBAB7B1BDCC3DA0055FCA9 /* WMOrderViewController.m in Sources */,
				C9C48C2D1BDE2BCD009650B6 /* SDWebImageDownloader.m in Sources */,
				C9C48C491BDE2BE8009650B6 /* TAAnimatedDotView.m in Sources */,
				C9DBAB911BDCCD740055FCA9 /* Colours.m in Sources */,
				3C88FFC61BDC92BC0013A231 /* AppDelegate.m in Sources */,
				C9C48C4B1BDE2BE8009650B6 /* TAPageControl.m in Sources */,
				C9DBAB961BDD0B250055FCA9 /* HWSearchBar.m in Sources */,
				C9DBAB871BDCCAFA0055FCA9 /* WMText1ViewController.m in Sources */,
				C9C48C281BDE2BCD009650B6 /* MKAnnotationView+WebCache.m in Sources */,
				C9DBAB781BDCC39B0055FCA9 /* WMDiscoverViewController.m in Sources */,
				C9C48C291BDE2BCD009650B6 /* NSData+ImageContentType.m in Sources */,
				C9C48C321BDE2BCD009650B6 /* UIImage+GIF.m in Sources */,
				C9C48C311BDE2BCD009650B6 /* UIButton+WebCache.m in Sources */,
				C9DBAB601BDC9D6A0055FCA9 /* WMHomeViewController.m in Sources */,
				C9C48C4A1BDE2BE8009650B6 /* TADotView.m in Sources */,
				C9C48C481BDE2BE8009650B6 /* TAAbstractDotView.m in Sources */,
				C9C48C301BDE2BCD009650B6 /* SDWebImagePrefetcher.m in Sources */,
				C9C48C4C1BDE2BE8009650B6 /* SDCollectionViewCell.m in Sources */,
				C9C48C2C1BDE2BCD009650B6 /* SDWebImageDecoder.m in Sources */,
				C9C48C2A1BDE2BCD009650B6 /* SDImageCache.m in Sources */,
				C9C48C2B1BDE2BCD009650B6 /* SDWebImageCompat.m in Sources */,
				C9C48C4E1BDE2BE8009650B6 /* UIView+SDExtension.m in Sources */,
				C9C48C371BDE2BCD009650B6 /* UIView+WebCacheOperation.m in Sources */,
				C9DBAB6F1BDCC34D0055FCA9 /* WMTabBarViewController.m in Sources */,
				C9DBAB821BDCCA410055FCA9 /* UIBarButtonItem+Extension.m in Sources */,
				C9C48C5B1BDE410B009650B6 /* WMHomeView.m in Sources */,
				C9C48C2E1BDE2BCD009650B6 /* SDWebImageDownloaderOperation.m in Sources */,
				C9C48C4D1BDE2BE8009650B6 /* SDCycleScrollView.m in Sources */,
				C9DBAB721BDCC3680055FCA9 /* WMNavigationViewController.m in Sources */,
				C9C48C361BDE2BCD009650B6 /* UIImageView+WebCache.m in Sources */,
				C9C48C351BDE2BCD009650B6 /* UIImageView+HighlightedWebCache.m in Sources */,
				3C88FFC31BDC92BC0013A231 /* main.m in Sources */,
			);
			runOnlyForDeploymentPostprocessing = 0;
		};
		3C88FFD21BDC92BC0013A231 /* Sources */ = {
			isa = PBXSourcesBuildPhase;
			buildActionMask = 2147483647;
			files = (
				3C88FFDD1BDC92BC0013A231 /* ____Tests.m in Sources */,
			);
			runOnlyForDeploymentPostprocessing = 0;
		};
/* End PBXSourcesBuildPhase section */

/* Begin PBXTargetDependency section */
		3C88FFD81BDC92BC0013A231 /* PBXTargetDependency */ = {
			isa = PBXTargetDependency;
			target = 3C88FFBC1BDC92BC0013A231 /* 闪电外卖 */;
			targetProxy = 3C88FFD71BDC92BC0013A231 /* PBXContainerItemProxy */;
		};
/* End PBXTargetDependency section */

/* Begin PBXVariantGroup section */
		3C88FFCA1BDC92BC0013A231 /* Main.storyboard */ = {
			isa = PBXVariantGroup;
			children = (
				3C88FFCB1BDC92BC0013A231 /* Base */,
			);
			name = Main.storyboard;
			sourceTree = "<group>";
		};
		3C88FFCF1BDC92BC0013A231 /* LaunchScreen.xib */ = {
			isa = PBXVariantGroup;
			children = (
				3C88FFD01BDC92BC0013A231 /* Base */,
			);
			name = LaunchScreen.xib;
			sourceTree = "<group>";
		};
/* End PBXVariantGroup section */

/* Begin XCBuildConfiguration section */
		3C88FFDE1BDC92BC0013A231 /* Debug */ = {
			isa = XCBuildConfiguration;
			buildSettings = {
				ALWAYS_SEARCH_USER_PATHS = NO;
				CLANG_CXX_LANGUAGE_STANDARD = "gnu++0x";
				CLANG_CXX_LIBRARY = "libc++";
				CLANG_ENABLE_MODULES = YES;
				CLANG_ENABLE_OBJC_ARC = YES;
				CLANG_WARN_BOOL_CONVERSION = YES;
				CLANG_WARN_CONSTANT_CONVERSION = YES;
				CLANG_WARN_DIRECT_OBJC_ISA_USAGE = YES_ERROR;
				CLANG_WARN_EMPTY_BODY = YES;
				CLANG_WARN_ENUM_CONVERSION = YES;
				CLANG_WARN_INT_CONVERSION = YES;
				CLANG_WARN_OBJC_ROOT_CLASS = YES_ERROR;
				CLANG_WARN_UNREACHABLE_CODE = YES;
				CLANG_WARN__DUPLICATE_METHOD_MATCH = YES;
				"CODE_SIGN_IDENTITY[sdk=iphoneos*]" = "iPhone Developer";
				COPY_PHASE_STRIP = NO;
				DEBUG_INFORMATION_FORMAT = "dwarf-with-dsym";
				ENABLE_STRICT_OBJC_MSGSEND = YES;
				GCC_C_LANGUAGE_STANDARD = gnu99;
				GCC_DYNAMIC_NO_PIC = NO;
				GCC_NO_COMMON_BLOCKS = YES;
				GCC_OPTIMIZATION_LEVEL = 0;
				GCC_PREPROCESSOR_DEFINITIONS = (
					"DEBUG=1",
					"$(inherited)",
				);
				GCC_SYMBOLS_PRIVATE_EXTERN = NO;
				GCC_WARN_64_TO_32_BIT_CONVERSION = YES;
				GCC_WARN_ABOUT_RETURN_TYPE = YES_ERROR;
				GCC_WARN_UNDECLARED_SELECTOR = YES;
				GCC_WARN_UNINITIALIZED_AUTOS = YES_AGGRESSIVE;
				GCC_WARN_UNUSED_FUNCTION = YES;
				GCC_WARN_UNUSED_VARIABLE = YES;
				IPHONEOS_DEPLOYMENT_TARGET = 8.4;
				MTL_ENABLE_DEBUG_INFO = YES;
				ONLY_ACTIVE_ARCH = YES;
				SDKROOT = iphoneos;
			};
			name = Debug;
		};
		3C88FFDF1BDC92BC0013A231 /* Release */ = {
			isa = XCBuildConfiguration;
			buildSettings = {
				ALWAYS_SEARCH_USER_PATHS = NO;
				CLANG_CXX_LANGUAGE_STANDARD = "gnu++0x";
				CLANG_CXX_LIBRARY = "libc++";
				CLANG_ENABLE_MODULES = YES;
				CLANG_ENABLE_OBJC_ARC = YES;
				CLANG_WARN_BOOL_CONVERSION = YES;
				CLANG_WARN_CONSTANT_CONVERSION = YES;
				CLANG_WARN_DIRECT_OBJC_ISA_USAGE = YES_ERROR;
				CLANG_WARN_EMPTY_BODY = YES;
				CLANG_WARN_ENUM_CONVERSION = YES;
				CLANG_WARN_INT_CONVERSION = YES;
				CLANG_WARN_OBJC_ROOT_CLASS = YES_ERROR;
				CLANG_WARN_UNREACHABLE_CODE = YES;
				CLANG_WARN__DUPLICATE_METHOD_MATCH = YES;
				"CODE_SIGN_IDENTITY[sdk=iphoneos*]" = "iPhone Developer";
				COPY_PHASE_STRIP = NO;
				DEBUG_INFORMATION_FORMAT = "dwarf-with-dsym";
				ENABLE_NS_ASSERTIONS = NO;
				ENABLE_STRICT_OBJC_MSGSEND = YES;
				GCC_C_LANGUAGE_STANDARD = gnu99;
				GCC_NO_COMMON_BLOCKS = YES;
				GCC_WARN_64_TO_32_BIT_CONVERSION = YES;
				GCC_WARN_ABOUT_RETURN_TYPE = YES_ERROR;
				GCC_WARN_UNDECLARED_SELECTOR = YES;
				GCC_WARN_UNINITIALIZED_AUTOS = YES_AGGRESSIVE;
				GCC_WARN_UNUSED_FUNCTION = YES;
				GCC_WARN_UNUSED_VARIABLE = YES;
				IPHONEOS_DEPLOYMENT_TARGET = 8.4;
				MTL_ENABLE_DEBUG_INFO = NO;
				SDKROOT = iphoneos;
				VALIDATE_PRODUCT = YES;
			};
			name = Release;
		};
		3C88FFE11BDC92BC0013A231 /* Debug */ = {
			isa = XCBuildConfiguration;
			buildSettings = {
				ASSETCATALOG_COMPILER_APPICON_NAME = AppIcon;
				INFOPLIST_FILE = "闪电外卖/Info.plist";
				LD_RUNPATH_SEARCH_PATHS = "$(inherited) @executable_path/Frameworks";
				PRODUCT_NAME = "$(TARGET_NAME)";
			};
			name = Debug;
		};
		3C88FFE21BDC92BC0013A231 /* Release */ = {
			isa = XCBuildConfiguration;
			buildSettings = {
				ASSETCATALOG_COMPILER_APPICON_NAME = AppIcon;
				INFOPLIST_FILE = "闪电外卖/Info.plist";
				LD_RUNPATH_SEARCH_PATHS = "$(inherited) @executable_path/Frameworks";
				PRODUCT_NAME = "$(TARGET_NAME)";
			};
			name = Release;
		};
		3C88FFE41BDC92BC0013A231 /* Debug */ = {
			isa = XCBuildConfiguration;
			buildSettings = {
				BUNDLE_LOADER = "$(TEST_HOST)";
				FRAMEWORK_SEARCH_PATHS = (
					"$(SDKROOT)/Developer/Library/Frameworks",
					"$(inherited)",
				);
				GCC_PREPROCESSOR_DEFINITIONS = (
					"DEBUG=1",
					"$(inherited)",
				);
				INFOPLIST_FILE = "闪电外卖Tests/Info.plist";
				LD_RUNPATH_SEARCH_PATHS = "$(inherited) @executable_path/Frameworks @loader_path/Frameworks";
				PRODUCT_NAME = "$(TARGET_NAME)";
				TEST_HOST = "$(BUILT_PRODUCTS_DIR)/闪电外卖.app/闪电外卖";
			};
			name = Debug;
		};
		3C88FFE51BDC92BC0013A231 /* Release */ = {
			isa = XCBuildConfiguration;
			buildSettings = {
				BUNDLE_LOADER = "$(TEST_HOST)";
				FRAMEWORK_SEARCH_PATHS = (
					"$(SDKROOT)/Developer/Library/Frameworks",
					"$(inherited)",
				);
				INFOPLIST_FILE = "闪电外卖Tests/Info.plist";
				LD_RUNPATH_SEARCH_PATHS = "$(inherited) @executable_path/Frameworks @loader_path/Frameworks";
				PRODUCT_NAME = "$(TARGET_NAME)";
				TEST_HOST = "$(BUILT_PRODUCTS_DIR)/闪电外卖.app/闪电外卖";
			};
			name = Release;
		};
/* End XCBuildConfiguration section */

/* Begin XCConfigurationList section */
		3C88FFB81BDC92BC0013A231 /* Build configuration list for PBXProject "闪电外卖" */ = {
			isa = XCConfigurationList;
			buildConfigurations = (
				3C88FFDE1BDC92BC0013A231 /* Debug */,
				3C88FFDF1BDC92BC0013A231 /* Release */,
			);
			defaultConfigurationIsVisible = 0;
			defaultConfigurationName = Release;
		};
		3C88FFE01BDC92BC0013A231 /* Build configuration list for PBXNativeTarget "闪电外卖" */ = {
			isa = XCConfigurationList;
			buildConfigurations = (
				3C88FFE11BDC92BC0013A231 /* Debug */,
				3C88FFE21BDC92BC0013A231 /* Release */,
			);
			defaultConfigurationIsVisible = 0;
			defaultConfigurationName = Release;
		};
		3C88FFE31BDC92BC0013A231 /* Build configuration list for PBXNativeTarget "闪电外卖Tests" */ = {
			isa = XCConfigurationList;
			buildConfigurations = (
				3C88FFE41BDC92BC0013A231 /* Debug */,
				3C88FFE51BDC92BC0013A231 /* Release */,
			);
			defaultConfigurationIsVisible = 0;
			defaultConfigurationName = Release;
		};
/* End XCConfigurationList section */
	};
	rootObject = 3C88FFB51BDC92BC0013A231 /* Project object */;
}
